// !$*UTF8*$!
{
	archiveVersion = 1;
	classes = {
	};
	objectVersion = 46;
	objects = {

/* Begin PBXBuildFile section */
		4711E11B18BE702E00966C93 /* trackVirtualPurchase.json in Resources */ = {isa = PBXBuildFile; fileRef = 4711E11A18BE702E00966C93 /* trackVirtualPurchase.json */; };
		471C329518BE4B34004C8733 /* BankViewController.m in Sources */ = {isa = PBXBuildFile; fileRef = 471C329418BE4B34004C8733 /* BankViewController.m */; };
		471C329718BE4B46004C8733 /* BankViewController.xib in Resources */ = {isa = PBXBuildFile; fileRef = 471C329618BE4B46004C8733 /* BankViewController.xib */; };
		47230DB118B3F47A002A64AE /* Default-568@2x.png in Resources */ = {isa = PBXBuildFile; fileRef = 47230DB018B3F47A002A64AE /* Default-568@2x.png */; };
		47230DB318B3F4E9002A64AE /* Images.xcassets in Resources */ = {isa = PBXBuildFile; fileRef = 47230DB218B3F4E9002A64AE /* Images.xcassets */; };
		4763E76018BD74B2008A253E /* testwatermark.png in Resources */ = {isa = PBXBuildFile; fileRef = 4763E75F18BD74B2008A253E /* testwatermark.png */; };
		479B282518AAA2FE00148BB7 /* HTTPMock.m in Sources */ = {isa = PBXBuildFile; fileRef = 479B282418AAA2FE00148BB7 /* HTTPMock.m */; };
		479B282718AAA67C00148BB7 /* HTTPMock.plist in Resources */ = {isa = PBXBuildFile; fileRef = 479B282618AAA67C00148BB7 /* HTTPMock.plist */; };
		479B282918AAA69F00148BB7 /* launch.json in Resources */ = {isa = PBXBuildFile; fileRef = 479B282818AAA69F00148BB7 /* launch.json */; };
		47CEA49318B532C80097A90C /* testimage.jpg in Resources */ = {isa = PBXBuildFile; fileRef = 47CEA49218B532C80097A90C /* testimage.jpg */; };
		47FFC78D18A93D900019673B /* Foundation.framework in Frameworks */ = {isa = PBXBuildFile; fileRef = 47FFC78C18A93D900019673B /* Foundation.framework */; };
		47FFC78F18A93D900019673B /* CoreGraphics.framework in Frameworks */ = {isa = PBXBuildFile; fileRef = 47FFC78E18A93D900019673B /* CoreGraphics.framework */; };
		47FFC79118A93D900019673B /* UIKit.framework in Frameworks */ = {isa = PBXBuildFile; fileRef = 47FFC79018A93D900019673B /* UIKit.framework */; };
		47FFC79718A93D900019673B /* InfoPlist.strings in Resources */ = {isa = PBXBuildFile; fileRef = 47FFC79518A93D900019673B /* InfoPlist.strings */; };
		47FFC79918A93D900019673B /* main.m in Sources */ = {isa = PBXBuildFile; fileRef = 47FFC79818A93D900019673B /* main.m */; };
		47FFC79D18A93D900019673B /* AppDelegate.m in Sources */ = {isa = PBXBuildFile; fileRef = 47FFC79C18A93D900019673B /* AppDelegate.m */; };
		47FFC7A618A93D900019673B /* ViewController.m in Sources */ = {isa = PBXBuildFile; fileRef = 47FFC7A518A93D900019673B /* ViewController.m */; };
		47FFC7C518A93DEC0019673B /* ViewController~iphone.xib in Resources */ = {isa = PBXBuildFile; fileRef = 47FFC7C418A93DEC0019673B /* ViewController~iphone.xib */; };
		47FFC7C718A93DFB0019673B /* ViewController~ipad.xib in Resources */ = {isa = PBXBuildFile; fileRef = 47FFC7C618A93DFB0019673B /* ViewController~ipad.xib */; };
		47FFC7C918A93FAA0019673B /* libYerdy.a in Frameworks */ = {isa = PBXBuildFile; fileRef = 47FFC7C818A93FAA0019673B /* libYerdy.a */; };
		95AA851018AB2A0B0022D6CC /* messages.json in Resources */ = {isa = PBXBuildFile; fileRef = 95AA850F18AB2A0B0022D6CC /* messages.json */; };
/* End PBXBuildFile section */

/* Begin PBXFileReference section */
		4711E11A18BE702E00966C93 /* trackVirtualPurchase.json */ = {isa = PBXFileReference; fileEncoding = 4; lastKnownFileType = text.json; path = trackVirtualPurchase.json; sourceTree = "<group>"; };
		471C329318BE4B34004C8733 /* BankViewController.h */ = {isa = PBXFileReference; fileEncoding = 4; lastKnownFileType = sourcecode.c.h; path = BankViewController.h; sourceTree = "<group>"; };
		471C329418BE4B34004C8733 /* BankViewController.m */ = {isa = PBXFileReference; fileEncoding = 4; lastKnownFileType = sourcecode.c.objc; path = BankViewController.m; sourceTree = "<group>"; };
		471C329618BE4B46004C8733 /* BankViewController.xib */ = {isa = PBXFileReference; fileEncoding = 4; lastKnownFileType = file.xib; path = BankViewController.xib; sourceTree = "<group>"; };
		47230DB018B3F47A002A64AE /* Default-568@2x.png */ = {isa = PBXFileReference; lastKnownFileType = image.png; path = "Default-568@2x.png"; sourceTree = "<group>"; };
		47230DB218B3F4E9002A64AE /* Images.xcassets */ = {isa = PBXFileReference; lastKnownFileType = folder.assetcatalog; path = Images.xcassets; sourceTree = "<group>"; };
		4763E75318B7C715008A253E /* PublisherKey.h */ = {isa = PBXFileReference; lastKnownFileType = sourcecode.c.h; path = PublisherKey.h; sourceTree = "<group>"; };
		4763E75F18BD74B2008A253E /* testwatermark.png */ = {isa = PBXFileReference; lastKnownFileType = image.png; path = testwatermark.png; sourceTree = "<group>"; };
		479B282318AAA2FE00148BB7 /* HTTPMock.h */ = {isa = PBXFileReference; fileEncoding = 4; lastKnownFileType = sourcecode.c.h; path = HTTPMock.h; sourceTree = "<group>"; };
		479B282418AAA2FE00148BB7 /* HTTPMock.m */ = {isa = PBXFileReference; fileEncoding = 4; lastKnownFileType = sourcecode.c.objc; path = HTTPMock.m; sourceTree = "<group>"; };
		479B282618AAA67C00148BB7 /* HTTPMock.plist */ = {isa = PBXFileReference; fileEncoding = 4; lastKnownFileType = text.plist.xml; path = HTTPMock.plist; sourceTree = "<group>"; };
		479B282818AAA69F00148BB7 /* launch.json */ = {isa = PBXFileReference; fileEncoding = 4; lastKnownFileType = text.json; path = launch.json; sourceTree = "<group>"; };
		47CEA49218B532C80097A90C /* testimage.jpg */ = {isa = PBXFileReference; lastKnownFileType = image.jpeg; path = testimage.jpg; sourceTree = "<group>"; };
		47FFC78918A93D900019673B /* Sample.app */ = {isa = PBXFileReference; explicitFileType = wrapper.application; includeInIndex = 0; path = Sample.app; sourceTree = BUILT_PRODUCTS_DIR; };
		47FFC78C18A93D900019673B /* Foundation.framework */ = {isa = PBXFileReference; lastKnownFileType = wrapper.framework; name = Foundation.framework; path = System/Library/Frameworks/Foundation.framework; sourceTree = SDKROOT; };
		47FFC78E18A93D900019673B /* CoreGraphics.framework */ = {isa = PBXFileReference; lastKnownFileType = wrapper.framework; name = CoreGraphics.framework; path = System/Library/Frameworks/CoreGraphics.framework; sourceTree = SDKROOT; };
		47FFC79018A93D900019673B /* UIKit.framework */ = {isa = PBXFileReference; lastKnownFileType = wrapper.framework; name = UIKit.framework; path = System/Library/Frameworks/UIKit.framework; sourceTree = SDKROOT; };
		47FFC79418A93D900019673B /* Sample-Info.plist */ = {isa = PBXFileReference; lastKnownFileType = text.plist.xml; path = "Sample-Info.plist"; sourceTree = "<group>"; };
		47FFC79618A93D900019673B /* en */ = {isa = PBXFileReference; lastKnownFileType = text.plist.strings; name = en; path = en.lproj/InfoPlist.strings; sourceTree = "<group>"; };
		47FFC79818A93D900019673B /* main.m */ = {isa = PBXFileReference; lastKnownFileType = sourcecode.c.objc; path = main.m; sourceTree = "<group>"; };
		47FFC79A18A93D900019673B /* Sample-Prefix.pch */ = {isa = PBXFileReference; lastKnownFileType = sourcecode.c.h; path = "Sample-Prefix.pch"; sourceTree = "<group>"; };
		47FFC79B18A93D900019673B /* AppDelegate.h */ = {isa = PBXFileReference; lastKnownFileType = sourcecode.c.h; path = AppDelegate.h; sourceTree = "<group>"; };
		47FFC79C18A93D900019673B /* AppDelegate.m */ = {isa = PBXFileReference; lastKnownFileType = sourcecode.c.objc; path = AppDelegate.m; sourceTree = "<group>"; };
		47FFC7A418A93D900019673B /* ViewController.h */ = {isa = PBXFileReference; lastKnownFileType = sourcecode.c.h; path = ViewController.h; sourceTree = "<group>"; };
		47FFC7A518A93D900019673B /* ViewController.m */ = {isa = PBXFileReference; lastKnownFileType = sourcecode.c.objc; path = ViewController.m; sourceTree = "<group>"; };
		47FFC7AE18A93D900019673B /* XCTest.framework */ = {isa = PBXFileReference; lastKnownFileType = wrapper.framework; name = XCTest.framework; path = Library/Frameworks/XCTest.framework; sourceTree = DEVELOPER_DIR; };
		47FFC7C418A93DEC0019673B /* ViewController~iphone.xib */ = {isa = PBXFileReference; fileEncoding = 4; lastKnownFileType = file.xib; path = "ViewController~iphone.xib"; sourceTree = "<group>"; };
		47FFC7C618A93DFB0019673B /* ViewController~ipad.xib */ = {isa = PBXFileReference; fileEncoding = 4; lastKnownFileType = file.xib; path = "ViewController~ipad.xib"; sourceTree = "<group>"; };
		47FFC7C818A93FAA0019673B /* libYerdy.a */ = {isa = PBXFileReference; lastKnownFileType = archive.ar; name = libYerdy.a; path = "../../../Library/Developer/Xcode/DerivedData/Yerdy-djjqpzsdannpqadtluifsgrkvipa/Build/Products/Debug-iphoneos/libYerdy.a"; sourceTree = "<group>"; };
		95AA850F18AB2A0B0022D6CC /* messages.json */ = {isa = PBXFileReference; fileEncoding = 4; lastKnownFileType = text.json; path = messages.json; sourceTree = "<group>"; };
/* End PBXFileReference section */

/* Begin PBXFrameworksBuildPhase section */
		47FFC78618A93D900019673B /* Frameworks */ = {
			isa = PBXFrameworksBuildPhase;
			buildActionMask = 2147483647;
			files = (
				47FFC7C918A93FAA0019673B /* libYerdy.a in Frameworks */,
				47FFC78F18A93D900019673B /* CoreGraphics.framework in Frameworks */,
				47FFC79118A93D900019673B /* UIKit.framework in Frameworks */,
				47FFC78D18A93D900019673B /* Foundation.framework in Frameworks */,
			);
			runOnlyForDeploymentPostprocessing = 0;
		};
/* End PBXFrameworksBuildPhase section */

/* Begin PBXGroup section */
		47FFC78018A93D900019673B = {
			isa = PBXGroup;
			children = (
				47FFC79218A93D900019673B /* Sample */,
				47FFC78B18A93D900019673B /* Frameworks */,
				47FFC78A18A93D900019673B /* Products */,
			);
			sourceTree = "<group>";
		};
		47FFC78A18A93D900019673B /* Products */ = {
			isa = PBXGroup;
			children = (
				47FFC78918A93D900019673B /* Sample.app */,
			);
			name = Products;
			sourceTree = "<group>";
		};
		47FFC78B18A93D900019673B /* Frameworks */ = {
			isa = PBXGroup;
			children = (
				47FFC7C818A93FAA0019673B /* libYerdy.a */,
				47FFC78C18A93D900019673B /* Foundation.framework */,
				47FFC78E18A93D900019673B /* CoreGraphics.framework */,
				47FFC79018A93D900019673B /* UIKit.framework */,
				47FFC7AE18A93D900019673B /* XCTest.framework */,
			);
			name = Frameworks;
			sourceTree = "<group>";
		};
		47FFC79218A93D900019673B /* Sample */ = {
			isa = PBXGroup;
			children = (
				4763E75318B7C715008A253E /* PublisherKey.h */,
				47FFC79B18A93D900019673B /* AppDelegate.h */,
				47FFC79C18A93D900019673B /* AppDelegate.m */,
				47FFC7A418A93D900019673B /* ViewController.h */,
				47FFC7A518A93D900019673B /* ViewController.m */,
				471C329318BE4B34004C8733 /* BankViewController.h */,
				471C329418BE4B34004C8733 /* BankViewController.m */,
				479B282318AAA2FE00148BB7 /* HTTPMock.h */,
				479B282418AAA2FE00148BB7 /* HTTPMock.m */,
				47FFC7C418A93DEC0019673B /* ViewController~iphone.xib */,
				47FFC7C618A93DFB0019673B /* ViewController~ipad.xib */,
				471C329618BE4B46004C8733 /* BankViewController.xib */,
				47230DB018B3F47A002A64AE /* Default-568@2x.png */,
				47FFC79318A93D900019673B /* Supporting Files */,
			);
			path = Sample;
			sourceTree = "<group>";
		};
		47FFC79318A93D900019673B /* Supporting Files */ = {
			isa = PBXGroup;
			children = (
				47FFC79418A93D900019673B /* Sample-Info.plist */,
				47FFC79518A93D900019673B /* InfoPlist.strings */,
				47FFC79818A93D900019673B /* main.m */,
				47FFC79A18A93D900019673B /* Sample-Prefix.pch */,
				479B282618AAA67C00148BB7 /* HTTPMock.plist */,
				47CEA49218B532C80097A90C /* testimage.jpg */,
				4763E75F18BD74B2008A253E /* testwatermark.png */,
				479B282818AAA69F00148BB7 /* launch.json */,
				95AA850F18AB2A0B0022D6CC /* messages.json */,
				4711E11A18BE702E00966C93 /* trackVirtualPurchase.json */,
				47230DB218B3F4E9002A64AE /* Images.xcassets */,
			);
			name = "Supporting Files";
			sourceTree = "<group>";
		};
/* End PBXGroup section */

/* Begin PBXNativeTarget section */
		47FFC78818A93D900019673B /* Sample */ = {
			isa = PBXNativeTarget;
			buildConfigurationList = 47FFC7BE18A93D900019673B /* Build configuration list for PBXNativeTarget "Sample" */;
			buildPhases = (
				47FFC78518A93D900019673B /* Sources */,
				47FFC78618A93D900019673B /* Frameworks */,
				47FFC78718A93D900019673B /* Resources */,
			);
			buildRules = (
			);
			dependencies = (
			);
			name = Sample;
			productName = Sample;
			productReference = 47FFC78918A93D900019673B /* Sample.app */;
			productType = "com.apple.product-type.application";
		};
/* End PBXNativeTarget section */

/* Begin PBXProject section */
		47FFC78118A93D900019673B /* Project object */ = {
			isa = PBXProject;
			attributes = {
				LastUpgradeCheck = 0500;
				ORGANIZATIONNAME = Yerdy;
			};
			buildConfigurationList = 47FFC78418A93D900019673B /* Build configuration list for PBXProject "Sample" */;
			compatibilityVersion = "Xcode 3.2";
			developmentRegion = English;
			hasScannedForEncodings = 0;
			knownRegions = (
				en,
				Base,
			);
			mainGroup = 47FFC78018A93D900019673B;
			productRefGroup = 47FFC78A18A93D900019673B /* Products */;
			projectDirPath = "";
			projectRoot = "";
			targets = (
				47FFC78818A93D900019673B /* Sample */,
			);
		};
/* End PBXProject section */

/* Begin PBXResourcesBuildPhase section */
		47FFC78718A93D900019673B /* Resources */ = {
			isa = PBXResourcesBuildPhase;
			buildActionMask = 2147483647;
			files = (
				471C329718BE4B46004C8733 /* BankViewController.xib in Resources */,
				47230DB118B3F47A002A64AE /* Default-568@2x.png in Resources */,
				47230DB318B3F4E9002A64AE /* Images.xcassets in Resources */,
				4763E76018BD74B2008A253E /* testwatermark.png in Resources */,
				4711E11B18BE702E00966C93 /* trackVirtualPurchase.json in Resources */,
				47FFC7C718A93DFB0019673B /* ViewController~ipad.xib in Resources */,
				479B282918AAA69F00148BB7 /* launch.json in Resources */,
				47FFC79718A93D900019673B /* InfoPlist.strings in Resources */,
				479B282718AAA67C00148BB7 /* HTTPMock.plist in Resources */,
				47FFC7C518A93DEC0019673B /* ViewController~iphone.xib in Resources */,
				95AA851018AB2A0B0022D6CC /* messages.json in Resources */,
				47CEA49318B532C80097A90C /* testimage.jpg in Resources */,
			);
			runOnlyForDeploymentPostprocessing = 0;
		};
/* End PBXResourcesBuildPhase section */

/* Begin PBXSourcesBuildPhase section */
		47FFC78518A93D900019673B /* Sources */ = {
			isa = PBXSourcesBuildPhase;
			buildActionMask = 2147483647;
			files = (
				47FFC7A618A93D900019673B /* ViewController.m in Sources */,
				47FFC79D18A93D900019673B /* AppDelegate.m in Sources */,
				47FFC79918A93D900019673B /* main.m in Sources */,
				479B282518AAA2FE00148BB7 /* HTTPMock.m in Sources */,
				471C329518BE4B34004C8733 /* BankViewController.m in Sources */,
			);
			runOnlyForDeploymentPostprocessing = 0;
		};
/* End PBXSourcesBuildPhase section */

/* Begin PBXVariantGroup section */
		47FFC79518A93D900019673B /* InfoPlist.strings */ = {
			isa = PBXVariantGroup;
			children = (
				47FFC79618A93D900019673B /* en */,
			);
			name = InfoPlist.strings;
			sourceTree = "<group>";
		};
/* End PBXVariantGroup section */

/* Begin XCBuildConfiguration section */
		47FFC7BC18A93D900019673B /* Debug */ = {
			isa = XCBuildConfiguration;
			buildSettings = {
				ALWAYS_SEARCH_USER_PATHS = NO;
				ARCHS = "$(ARCHS_STANDARD_INCLUDING_64_BIT)";
				CLANG_CXX_LANGUAGE_STANDARD = "gnu++0x";
				CLANG_CXX_LIBRARY = "libc++";
				CLANG_ENABLE_MODULES = YES;
				CLANG_ENABLE_OBJC_ARC = YES;
				CLANG_WARN_BOOL_CONVERSION = YES;
				CLANG_WARN_CONSTANT_CONVERSION = YES;
				CLANG_WARN_DIRECT_OBJC_ISA_USAGE = YES_ERROR;
				CLANG_WARN_EMPTY_BODY = YES;
				CLANG_WARN_ENUM_CONVERSION = YES;
				CLANG_WARN_INT_CONVERSION = YES;
				CLANG_WARN_OBJC_ROOT_CLASS = YES_ERROR;
				CLANG_WARN__DUPLICATE_METHOD_MATCH = YES;
				"CODE_SIGN_IDENTITY[sdk=iphoneos*]" = "iPhone Developer";
				COPY_PHASE_STRIP = NO;
				GCC_C_LANGUAGE_STANDARD = gnu99;
				GCC_DYNAMIC_NO_PIC = NO;
				GCC_OPTIMIZATION_LEVEL = 0;
				GCC_PREPROCESSOR_DEFINITIONS = (
					"DEBUG=1",
					"$(inherited)",
				);
				GCC_SYMBOLS_PRIVATE_EXTERN = NO;
				GCC_WARN_64_TO_32_BIT_CONVERSION = YES;
				GCC_WARN_ABOUT_RETURN_TYPE = YES_ERROR;
				GCC_WARN_UNDECLARED_SELECTOR = YES;
				GCC_WARN_UNINITIALIZED_AUTOS = YES;
				GCC_WARN_UNUSED_FUNCTION = YES;
				GCC_WARN_UNUSED_VARIABLE = YES;
				IPHONEOS_DEPLOYMENT_TARGET = 5.0;
				ONLY_ACTIVE_ARCH = YES;
				SDKROOT = iphoneos;
				TARGETED_DEVICE_FAMILY = "1,2";
			};
			name = Debug;
		};
		47FFC7BD18A93D900019673B /* Release */ = {
			isa = XCBuildConfiguration;
			buildSettings = {
				ALWAYS_SEARCH_USER_PATHS = NO;
				ARCHS = "$(ARCHS_STANDARD_INCLUDING_64_BIT)";
				CLANG_CXX_LANGUAGE_STANDARD = "gnu++0x";
				CLANG_CXX_LIBRARY = "libc++";
				CLANG_ENABLE_MODULES = YES;
				CLANG_ENABLE_OBJC_ARC = YES;
				CLANG_WARN_BOOL_CONVERSION = YES;
				CLANG_WARN_CONSTANT_CONVERSION = YES;
				CLANG_WARN_DIRECT_OBJC_ISA_USAGE = YES_ERROR;
				CLANG_WARN_EMPTY_BODY = YES;
				CLANG_WARN_ENUM_CONVERSION = YES;
				CLANG_WARN_INT_CONVERSION = YES;
				CLANG_WARN_OBJC_ROOT_CLASS = YES_ERROR;
				CLANG_WARN__DUPLICATE_METHOD_MATCH = YES;
				"CODE_SIGN_IDENTITY[sdk=iphoneos*]" = "iPhone Developer";
				COPY_PHASE_STRIP = YES;
				ENABLE_NS_ASSERTIONS = NO;
				GCC_C_LANGUAGE_STANDARD = gnu99;
				GCC_WARN_64_TO_32_BIT_CONVERSION = YES;
				GCC_WARN_ABOUT_RETURN_TYPE = YES_ERROR;
				GCC_WARN_UNDECLARED_SELECTOR = YES;
				GCC_WARN_UNINITIALIZED_AUTOS = YES;
				GCC_WARN_UNUSED_FUNCTION = YES;
				GCC_WARN_UNUSED_VARIABLE = YES;
				IPHONEOS_DEPLOYMENT_TARGET = 5.0;
				SDKROOT = iphoneos;
				TARGETED_DEVICE_FAMILY = "1,2";
				VALIDATE_PRODUCT = YES;
			};
			name = Release;
		};
		47FFC7BF18A93D900019673B /* Debug */ = {
			isa = XCBuildConfiguration;
			buildSettings = {
				ASSETCATALOG_COMPILER_APPICON_NAME = AppIcon;
				ASSETCATALOG_COMPILER_LAUNCHIMAGE_NAME = LaunchImage;
				GCC_PRECOMPILE_PREFIX_HEADER = YES;
				GCC_PREFIX_HEADER = "Sample/Sample-Prefix.pch";
				HEADER_SEARCH_PATHS = (
					../Yerdy/Yerdy,
					"$(inherited)",
				);
				INFOPLIST_FILE = "Sample/Sample-Info.plist";
				LIBRARY_SEARCH_PATHS = "$(inherited)";
				PRODUCT_NAME = "$(TARGET_NAME)";
				WRAPPER_EXTENSION = app;
			};
			name = Debug;
		};
		47FFC7C018A93D900019673B /* Release */ = {
			isa = XCBuildConfiguration;
			buildSettings = {
				ASSETCATALOG_COMPILER_APPICON_NAME = AppIcon;
				ASSETCATALOG_COMPILER_LAUNCHIMAGE_NAME = LaunchImage;
				GCC_PRECOMPILE_PREFIX_HEADER = YES;
				GCC_PREFIX_HEADER = "Sample/Sample-Prefix.pch";
				HEADER_SEARCH_PATHS = (
					../Yerdy/Yerdy,
					"$(inherited)",
				);
				INFOPLIST_FILE = "Sample/Sample-Info.plist";
				LIBRARY_SEARCH_PATHS = "$(inherited)";
				PRODUCT_NAME = "$(TARGET_NAME)";
				WRAPPER_EXTENSION = app;
			};
			name = Release;
		};
/* End XCBuildConfiguration section */

/* Begin XCConfigurationList section */
		47FFC78418A93D900019673B /* Build configuration list for PBXProject "Sample" */ = {
			isa = XCConfigurationList;
			buildConfigurations = (
				47FFC7BC18A93D900019673B /* Debug */,
				47FFC7BD18A93D900019673B /* Release */,
			);
			defaultConfigurationIsVisible = 0;
			defaultConfigurationName = Release;
		};
		47FFC7BE18A93D900019673B /* Build configuration list for PBXNativeTarget "Sample" */ = {
			isa = XCConfigurationList;
			buildConfigurations = (
				47FFC7BF18A93D900019673B /* Debug */,
				47FFC7C018A93D900019673B /* Release */,
			);
			defaultConfigurationIsVisible = 0;
			defaultConfigurationName = Release;
		};
/* End XCConfigurationList section */
	};
	rootObject = 47FFC78118A93D900019673B /* Project object */;
}
