// !$*UTF8*$!
{
	archiveVersion = 1;
	classes = {
	};
	objectVersion = 46;
	objects = {

/* Begin PBXBuildFile section */
		47230D9318AE9E29002A64AE /* YRDInAppPurchase.m in Sources */ = {isa = PBXBuildFile; fileRef = 47230D9218AE9E29002A64AE /* YRDInAppPurchase.m */; };
		47230D9618AE9E9E002A64AE /* YRDReward.m in Sources */ = {isa = PBXBuildFile; fileRef = 47230D9518AE9E9E002A64AE /* YRDReward.m */; };
		47230D9918AE9F60002A64AE /* YRDItemPurchase.m in Sources */ = {isa = PBXBuildFile; fileRef = 47230D9818AE9F60002A64AE /* YRDItemPurchase.m */; };
		477DADF018AD383900F72CA1 /* YRDWebViewController.m in Sources */ = {isa = PBXBuildFile; fileRef = 477DADEF18AD383900F72CA1 /* YRDWebViewController.m */; };
		477DADF318AD3A5600F72CA1 /* YRDViewController.m in Sources */ = {isa = PBXBuildFile; fileRef = 477DADF218AD3A5600F72CA1 /* YRDViewController.m */; };
		477DADF618AD4AC800F72CA1 /* YRDViewControllerManager.m in Sources */ = {isa = PBXBuildFile; fileRef = 477DADF518AD4AC800F72CA1 /* YRDViewControllerManager.m */; };
		4790C44E18A04ECB001BBD3D /* Foundation.framework in Frameworks */ = {isa = PBXBuildFile; fileRef = 4790C44D18A04ECB001BBD3D /* Foundation.framework */; };
		4790C47818A0570F001BBD3D /* Yerdy.m in Sources */ = {isa = PBXBuildFile; fileRef = 4790C47718A0570F001BBD3D /* Yerdy.m */; };
		4790C47C18A058E8001BBD3D /* YRDLaunchTracker.m in Sources */ = {isa = PBXBuildFile; fileRef = 4790C47B18A058E8001BBD3D /* YRDLaunchTracker.m */; };
		4790C47F18A05D2C001BBD3D /* YRDConstants.m in Sources */ = {isa = PBXBuildFile; fileRef = 4790C47E18A05D2C001BBD3D /* YRDConstants.m */; };
		4790C48218A06014001BBD3D /* YRDUtil.m in Sources */ = {isa = PBXBuildFile; fileRef = 4790C48118A06014001BBD3D /* YRDUtil.m */; };
		479B283218AAAAB600148BB7 /* YRDResponseHandler.m in Sources */ = {isa = PBXBuildFile; fileRef = 479B283118AAAAB600148BB7 /* YRDResponseHandler.m */; };
		479B283518AABB2900148BB7 /* YRDJSONResponseHandler.m in Sources */ = {isa = PBXBuildFile; fileRef = 479B283418AABB2900148BB7 /* YRDJSONResponseHandler.m */; };
		479B283918AAC74D00148BB7 /* YRDLaunchResponse.m in Sources */ = {isa = PBXBuildFile; fileRef = 479B283818AAC74D00148BB7 /* YRDLaunchResponse.m */; };
		47E9B6C418A9450D004A622F /* YRDLog.m in Sources */ = {isa = PBXBuildFile; fileRef = 47E9B6C318A9450D004A622F /* YRDLog.m */; };
		47E9B6C818A94CA7004A622F /* YRDRequest.m in Sources */ = {isa = PBXBuildFile; fileRef = 47E9B6C718A94CA7004A622F /* YRDRequest.m */; };
		47E9B6CB18A95029004A622F /* YRDURLConnection.m in Sources */ = {isa = PBXBuildFile; fileRef = 47E9B6CA18A95029004A622F /* YRDURLConnection.m */; };
		95AA851318AB2A2B0022D6CC /* YRDMessage.m in Sources */ = {isa = PBXBuildFile; fileRef = 95AA851218AB2A2B0022D6CC /* YRDMessage.m */; };
		95ECDF3518B3126600E2FEB7 /* YRDTimeTracker.m in Sources */ = {isa = PBXBuildFile; fileRef = 95ECDF3418B3126600E2FEB7 /* YRDTimeTracker.m */; };
		95ECDF3818B3140F00E2FEB7 /* YRDTimer.m in Sources */ = {isa = PBXBuildFile; fileRef = 95ECDF3718B3140F00E2FEB7 /* YRDTimer.m */; };
		95F97B9E18AB3BDE00C65D10 /* YRDMessagePresenter.m in Sources */ = {isa = PBXBuildFile; fileRef = 95F97B9D18AB3BDE00C65D10 /* YRDMessagePresenter.m */; };
		95F97BA118AB3C8B00C65D10 /* YRDMessagePresenterSystem.m in Sources */ = {isa = PBXBuildFile; fileRef = 95F97BA018AB3C8B00C65D10 /* YRDMessagePresenterSystem.m */; };
		95F97BA418ADD34A00C65D10 /* YRDLaunchRequest.m in Sources */ = {isa = PBXBuildFile; fileRef = 95F97BA318ADD34A00C65D10 /* YRDLaunchRequest.m */; };
		95F97BA718ADD3FC00C65D10 /* YRDMessagesRequest.m in Sources */ = {isa = PBXBuildFile; fileRef = 95F97BA618ADD3FC00C65D10 /* YRDMessagesRequest.m */; };
		95F97BAA18ADD67600C65D10 /* YRDDelayedBlock.m in Sources */ = {isa = PBXBuildFile; fileRef = 95F97BA918ADD67600C65D10 /* YRDDelayedBlock.m */; };
		95F97BAD18ADE4F500C65D10 /* YRDAppActionParser.m in Sources */ = {isa = PBXBuildFile; fileRef = 95F97BAC18ADE4F500C65D10 /* YRDAppActionParser.m */; };
/* End PBXBuildFile section */

/* Begin PBXCopyFilesBuildPhase section */
		4790C44818A04ECB001BBD3D /* CopyFiles */ = {
			isa = PBXCopyFilesBuildPhase;
			buildActionMask = 2147483647;
			dstPath = "include/$(PRODUCT_NAME)";
			dstSubfolderSpec = 16;
			files = (
			);
			runOnlyForDeploymentPostprocessing = 0;
		};
/* End PBXCopyFilesBuildPhase section */

/* Begin PBXFileReference section */
		47230D9118AE9E29002A64AE /* YRDInAppPurchase.h */ = {isa = PBXFileReference; fileEncoding = 4; lastKnownFileType = sourcecode.c.h; path = YRDInAppPurchase.h; sourceTree = "<group>"; };
		47230D9218AE9E29002A64AE /* YRDInAppPurchase.m */ = {isa = PBXFileReference; fileEncoding = 4; lastKnownFileType = sourcecode.c.objc; path = YRDInAppPurchase.m; sourceTree = "<group>"; };
		47230D9418AE9E9E002A64AE /* YRDReward.h */ = {isa = PBXFileReference; fileEncoding = 4; lastKnownFileType = sourcecode.c.h; path = YRDReward.h; sourceTree = "<group>"; };
		47230D9518AE9E9E002A64AE /* YRDReward.m */ = {isa = PBXFileReference; fileEncoding = 4; lastKnownFileType = sourcecode.c.objc; path = YRDReward.m; sourceTree = "<group>"; };
		47230D9718AE9F60002A64AE /* YRDItemPurchase.h */ = {isa = PBXFileReference; fileEncoding = 4; lastKnownFileType = sourcecode.c.h; path = YRDItemPurchase.h; sourceTree = "<group>"; };
		47230D9818AE9F60002A64AE /* YRDItemPurchase.m */ = {isa = PBXFileReference; fileEncoding = 4; lastKnownFileType = sourcecode.c.objc; path = YRDItemPurchase.m; sourceTree = "<group>"; };
		47230D9B18AEA0E6002A64AE /* YRDReward_Private.h */ = {isa = PBXFileReference; lastKnownFileType = sourcecode.c.h; path = YRDReward_Private.h; sourceTree = "<group>"; };
		47230D9C18AEA0FF002A64AE /* YRDItemPurchase_Private.h */ = {isa = PBXFileReference; lastKnownFileType = sourcecode.c.h; path = YRDItemPurchase_Private.h; sourceTree = "<group>"; };
		47230D9D18AEA113002A64AE /* YRDInAppPurchase_Private.h */ = {isa = PBXFileReference; lastKnownFileType = sourcecode.c.h; path = YRDInAppPurchase_Private.h; sourceTree = "<group>"; };
		477DADEE18AD383900F72CA1 /* YRDWebViewController.h */ = {isa = PBXFileReference; fileEncoding = 4; lastKnownFileType = sourcecode.c.h; path = YRDWebViewController.h; sourceTree = "<group>"; };
		477DADEF18AD383900F72CA1 /* YRDWebViewController.m */ = {isa = PBXFileReference; fileEncoding = 4; lastKnownFileType = sourcecode.c.objc; path = YRDWebViewController.m; sourceTree = "<group>"; };
		477DADF118AD3A5600F72CA1 /* YRDViewController.h */ = {isa = PBXFileReference; fileEncoding = 4; lastKnownFileType = sourcecode.c.h; path = YRDViewController.h; sourceTree = "<group>"; };
		477DADF218AD3A5600F72CA1 /* YRDViewController.m */ = {isa = PBXFileReference; fileEncoding = 4; lastKnownFileType = sourcecode.c.objc; path = YRDViewController.m; sourceTree = "<group>"; };
		477DADF418AD4AC800F72CA1 /* YRDViewControllerManager.h */ = {isa = PBXFileReference; fileEncoding = 4; lastKnownFileType = sourcecode.c.h; path = YRDViewControllerManager.h; sourceTree = "<group>"; };
		477DADF518AD4AC800F72CA1 /* YRDViewControllerManager.m */ = {isa = PBXFileReference; fileEncoding = 4; lastKnownFileType = sourcecode.c.objc; path = YRDViewControllerManager.m; sourceTree = "<group>"; };
		4790C44A18A04ECB001BBD3D /* libYerdy.a */ = {isa = PBXFileReference; explicitFileType = archive.ar; includeInIndex = 0; path = libYerdy.a; sourceTree = BUILT_PRODUCTS_DIR; };
		4790C44D18A04ECB001BBD3D /* Foundation.framework */ = {isa = PBXFileReference; lastKnownFileType = wrapper.framework; name = Foundation.framework; path = System/Library/Frameworks/Foundation.framework; sourceTree = SDKROOT; };
		4790C45118A04ECB001BBD3D /* Yerdy-Prefix.pch */ = {isa = PBXFileReference; lastKnownFileType = sourcecode.c.h; path = "Yerdy-Prefix.pch"; sourceTree = "<group>"; };
		4790C45E18A04ECB001BBD3D /* UIKit.framework */ = {isa = PBXFileReference; lastKnownFileType = wrapper.framework; name = UIKit.framework; path = Library/Frameworks/UIKit.framework; sourceTree = DEVELOPER_DIR; };
		4790C47618A0570F001BBD3D /* Yerdy.h */ = {isa = PBXFileReference; fileEncoding = 4; lastKnownFileType = sourcecode.c.h; path = Yerdy.h; sourceTree = "<group>"; };
		4790C47718A0570F001BBD3D /* Yerdy.m */ = {isa = PBXFileReference; fileEncoding = 4; lastKnownFileType = sourcecode.c.objc; path = Yerdy.m; sourceTree = "<group>"; };
		4790C47A18A058E8001BBD3D /* YRDLaunchTracker.h */ = {isa = PBXFileReference; fileEncoding = 4; lastKnownFileType = sourcecode.c.h; path = YRDLaunchTracker.h; sourceTree = "<group>"; };
		4790C47B18A058E8001BBD3D /* YRDLaunchTracker.m */ = {isa = PBXFileReference; fileEncoding = 4; lastKnownFileType = sourcecode.c.objc; path = YRDLaunchTracker.m; sourceTree = "<group>"; };
		4790C47D18A05D2C001BBD3D /* YRDConstants.h */ = {isa = PBXFileReference; fileEncoding = 4; lastKnownFileType = sourcecode.c.h; path = YRDConstants.h; sourceTree = "<group>"; };
		4790C47E18A05D2C001BBD3D /* YRDConstants.m */ = {isa = PBXFileReference; fileEncoding = 4; lastKnownFileType = sourcecode.c.objc; path = YRDConstants.m; sourceTree = "<group>"; };
		4790C48018A06014001BBD3D /* YRDUtil.h */ = {isa = PBXFileReference; fileEncoding = 4; lastKnownFileType = sourcecode.c.h; path = YRDUtil.h; sourceTree = "<group>"; };
		4790C48118A06014001BBD3D /* YRDUtil.m */ = {isa = PBXFileReference; fileEncoding = 4; lastKnownFileType = sourcecode.c.objc; path = YRDUtil.m; sourceTree = "<group>"; };
		479B283018AAAAB600148BB7 /* YRDResponseHandler.h */ = {isa = PBXFileReference; fileEncoding = 4; lastKnownFileType = sourcecode.c.h; path = YRDResponseHandler.h; sourceTree = "<group>"; };
		479B283118AAAAB600148BB7 /* YRDResponseHandler.m */ = {isa = PBXFileReference; fileEncoding = 4; lastKnownFileType = sourcecode.c.objc; path = YRDResponseHandler.m; sourceTree = "<group>"; };
		479B283318AABB2900148BB7 /* YRDJSONResponseHandler.h */ = {isa = PBXFileReference; fileEncoding = 4; lastKnownFileType = sourcecode.c.h; path = YRDJSONResponseHandler.h; sourceTree = "<group>"; };
		479B283418AABB2900148BB7 /* YRDJSONResponseHandler.m */ = {isa = PBXFileReference; fileEncoding = 4; lastKnownFileType = sourcecode.c.objc; path = YRDJSONResponseHandler.m; sourceTree = "<group>"; };
		479B283618AAC0A100148BB7 /* YRDJSONType.h */ = {isa = PBXFileReference; lastKnownFileType = sourcecode.c.h; path = YRDJSONType.h; sourceTree = "<group>"; };
		479B283718AAC74D00148BB7 /* YRDLaunchResponse.h */ = {isa = PBXFileReference; fileEncoding = 4; lastKnownFileType = sourcecode.c.h; path = YRDLaunchResponse.h; sourceTree = "<group>"; };
		479B283818AAC74D00148BB7 /* YRDLaunchResponse.m */ = {isa = PBXFileReference; fileEncoding = 4; lastKnownFileType = sourcecode.c.objc; path = YRDLaunchResponse.m; sourceTree = "<group>"; };
		47E9B6C218A9450D004A622F /* YRDLog.h */ = {isa = PBXFileReference; fileEncoding = 4; lastKnownFileType = sourcecode.c.h; path = YRDLog.h; sourceTree = "<group>"; };
		47E9B6C318A9450D004A622F /* YRDLog.m */ = {isa = PBXFileReference; fileEncoding = 4; lastKnownFileType = sourcecode.c.objc; path = YRDLog.m; sourceTree = "<group>"; };
		47E9B6C518A94557004A622F /* YRDDefines.h */ = {isa = PBXFileReference; lastKnownFileType = sourcecode.c.h; path = YRDDefines.h; sourceTree = "<group>"; };
		47E9B6C618A94CA7004A622F /* YRDRequest.h */ = {isa = PBXFileReference; fileEncoding = 4; lastKnownFileType = sourcecode.c.h; path = YRDRequest.h; sourceTree = "<group>"; };
		47E9B6C718A94CA7004A622F /* YRDRequest.m */ = {isa = PBXFileReference; fileEncoding = 4; lastKnownFileType = sourcecode.c.objc; path = YRDRequest.m; sourceTree = "<group>"; };
		47E9B6C918A95029004A622F /* YRDURLConnection.h */ = {isa = PBXFileReference; fileEncoding = 4; lastKnownFileType = sourcecode.c.h; path = YRDURLConnection.h; sourceTree = "<group>"; };
		47E9B6CA18A95029004A622F /* YRDURLConnection.m */ = {isa = PBXFileReference; fileEncoding = 4; lastKnownFileType = sourcecode.c.objc; path = YRDURLConnection.m; sourceTree = "<group>"; };
		95AA851118AB2A2B0022D6CC /* YRDMessage.h */ = {isa = PBXFileReference; fileEncoding = 4; lastKnownFileType = sourcecode.c.h; path = YRDMessage.h; sourceTree = "<group>"; };
		95AA851218AB2A2B0022D6CC /* YRDMessage.m */ = {isa = PBXFileReference; fileEncoding = 4; lastKnownFileType = sourcecode.c.objc; path = YRDMessage.m; sourceTree = "<group>"; };
		95ECDF3318B3126600E2FEB7 /* YRDTimeTracker.h */ = {isa = PBXFileReference; fileEncoding = 4; lastKnownFileType = sourcecode.c.h; path = YRDTimeTracker.h; sourceTree = "<group>"; };
		95ECDF3418B3126600E2FEB7 /* YRDTimeTracker.m */ = {isa = PBXFileReference; fileEncoding = 4; lastKnownFileType = sourcecode.c.objc; path = YRDTimeTracker.m; sourceTree = "<group>"; };
		95ECDF3618B3140F00E2FEB7 /* YRDTimer.h */ = {isa = PBXFileReference; fileEncoding = 4; lastKnownFileType = sourcecode.c.h; path = YRDTimer.h; sourceTree = "<group>"; };
		95ECDF3718B3140F00E2FEB7 /* YRDTimer.m */ = {isa = PBXFileReference; fileEncoding = 4; lastKnownFileType = sourcecode.c.objc; path = YRDTimer.m; sourceTree = "<group>"; };
		95F97B9B18AB386000C65D10 /* YerdyDelegate.h */ = {isa = PBXFileReference; lastKnownFileType = sourcecode.c.h; path = YerdyDelegate.h; sourceTree = "<group>"; };
		95F97B9C18AB3BDE00C65D10 /* YRDMessagePresenter.h */ = {isa = PBXFileReference; fileEncoding = 4; lastKnownFileType = sourcecode.c.h; path = YRDMessagePresenter.h; sourceTree = "<group>"; };
		95F97B9D18AB3BDE00C65D10 /* YRDMessagePresenter.m */ = {isa = PBXFileReference; fileEncoding = 4; lastKnownFileType = sourcecode.c.objc; path = YRDMessagePresenter.m; sourceTree = "<group>"; };
		95F97B9F18AB3C8B00C65D10 /* YRDMessagePresenterSystem.h */ = {isa = PBXFileReference; fileEncoding = 4; lastKnownFileType = sourcecode.c.h; path = YRDMessagePresenterSystem.h; sourceTree = "<group>"; };
		95F97BA018AB3C8B00C65D10 /* YRDMessagePresenterSystem.m */ = {isa = PBXFileReference; fileEncoding = 4; lastKnownFileType = sourcecode.c.objc; path = YRDMessagePresenterSystem.m; sourceTree = "<group>"; };
		95F97BA218ADD34A00C65D10 /* YRDLaunchRequest.h */ = {isa = PBXFileReference; fileEncoding = 4; lastKnownFileType = sourcecode.c.h; path = YRDLaunchRequest.h; sourceTree = "<group>"; };
		95F97BA318ADD34A00C65D10 /* YRDLaunchRequest.m */ = {isa = PBXFileReference; fileEncoding = 4; lastKnownFileType = sourcecode.c.objc; path = YRDLaunchRequest.m; sourceTree = "<group>"; };
		95F97BA518ADD3FC00C65D10 /* YRDMessagesRequest.h */ = {isa = PBXFileReference; fileEncoding = 4; lastKnownFileType = sourcecode.c.h; path = YRDMessagesRequest.h; sourceTree = "<group>"; };
		95F97BA618ADD3FC00C65D10 /* YRDMessagesRequest.m */ = {isa = PBXFileReference; fileEncoding = 4; lastKnownFileType = sourcecode.c.objc; path = YRDMessagesRequest.m; sourceTree = "<group>"; };
		95F97BA818ADD67600C65D10 /* YRDDelayedBlock.h */ = {isa = PBXFileReference; fileEncoding = 4; lastKnownFileType = sourcecode.c.h; path = YRDDelayedBlock.h; sourceTree = "<group>"; };
		95F97BA918ADD67600C65D10 /* YRDDelayedBlock.m */ = {isa = PBXFileReference; fileEncoding = 4; lastKnownFileType = sourcecode.c.objc; path = YRDDelayedBlock.m; sourceTree = "<group>"; };
		95F97BAB18ADE4F500C65D10 /* YRDAppActionParser.h */ = {isa = PBXFileReference; fileEncoding = 4; lastKnownFileType = sourcecode.c.h; path = YRDAppActionParser.h; sourceTree = "<group>"; };
		95F97BAC18ADE4F500C65D10 /* YRDAppActionParser.m */ = {isa = PBXFileReference; fileEncoding = 4; lastKnownFileType = sourcecode.c.objc; path = YRDAppActionParser.m; sourceTree = "<group>"; };
/* End PBXFileReference section */

/* Begin PBXFrameworksBuildPhase section */
		4790C44718A04ECB001BBD3D /* Frameworks */ = {
			isa = PBXFrameworksBuildPhase;
			buildActionMask = 2147483647;
			files = (
				4790C44E18A04ECB001BBD3D /* Foundation.framework in Frameworks */,
			);
			runOnlyForDeploymentPostprocessing = 0;
		};
/* End PBXFrameworksBuildPhase section */

/* Begin PBXGroup section */
		4790C44118A04ECB001BBD3D = {
			isa = PBXGroup;
			children = (
				4790C44F18A04ECB001BBD3D /* Yerdy */,
				4790C44C18A04ECB001BBD3D /* Frameworks */,
				4790C44B18A04ECB001BBD3D /* Products */,
			);
			sourceTree = "<group>";
		};
		4790C44B18A04ECB001BBD3D /* Products */ = {
			isa = PBXGroup;
			children = (
				4790C44A18A04ECB001BBD3D /* libYerdy.a */,
			);
			name = Products;
			sourceTree = "<group>";
		};
		4790C44C18A04ECB001BBD3D /* Frameworks */ = {
			isa = PBXGroup;
			children = (
				4790C44D18A04ECB001BBD3D /* Foundation.framework */,
				4790C45E18A04ECB001BBD3D /* UIKit.framework */,
			);
			name = Frameworks;
			sourceTree = "<group>";
		};
		4790C44F18A04ECB001BBD3D /* Yerdy */ = {
			isa = PBXGroup;
			children = (
				4790C45018A04ECB001BBD3D /* Supporting Files */,
				4790C47618A0570F001BBD3D /* Yerdy.h */,
				4790C47718A0570F001BBD3D /* Yerdy.m */,
				95F97B9B18AB386000C65D10 /* YerdyDelegate.h */,
				47E9B6C518A94557004A622F /* YRDDefines.h */,
				4790C47D18A05D2C001BBD3D /* YRDConstants.h */,
				4790C47E18A05D2C001BBD3D /* YRDConstants.m */,
				4790C48018A06014001BBD3D /* YRDUtil.h */,
				4790C48118A06014001BBD3D /* YRDUtil.m */,
				47E9B6C218A9450D004A622F /* YRDLog.h */,
				47E9B6C318A9450D004A622F /* YRDLog.m */,
				47E9B6C618A94CA7004A622F /* YRDRequest.h */,
				47E9B6C718A94CA7004A622F /* YRDRequest.m */,
				47E9B6C918A95029004A622F /* YRDURLConnection.h */,
				47E9B6CA18A95029004A622F /* YRDURLConnection.m */,
				479B283018AAAAB600148BB7 /* YRDResponseHandler.h */,
				479B283118AAAAB600148BB7 /* YRDResponseHandler.m */,
				479B283318AABB2900148BB7 /* YRDJSONResponseHandler.h */,
				479B283418AABB2900148BB7 /* YRDJSONResponseHandler.m */,
				479B283618AAC0A100148BB7 /* YRDJSONType.h */,
				479B283718AAC74D00148BB7 /* YRDLaunchResponse.h */,
				479B283818AAC74D00148BB7 /* YRDLaunchResponse.m */,
				95AA851118AB2A2B0022D6CC /* YRDMessage.h */,
				95AA851218AB2A2B0022D6CC /* YRDMessage.m */,
				95F97BAB18ADE4F500C65D10 /* YRDAppActionParser.h */,
				95F97BAC18ADE4F500C65D10 /* YRDAppActionParser.m */,
				95F97B9C18AB3BDE00C65D10 /* YRDMessagePresenter.h */,
				95F97B9D18AB3BDE00C65D10 /* YRDMessagePresenter.m */,
				95F97B9F18AB3C8B00C65D10 /* YRDMessagePresenterSystem.h */,
				95F97BA018AB3C8B00C65D10 /* YRDMessagePresenterSystem.m */,
				477DADF418AD4AC800F72CA1 /* YRDViewControllerManager.h */,
				477DADF518AD4AC800F72CA1 /* YRDViewControllerManager.m */,
				477DADF118AD3A5600F72CA1 /* YRDViewController.h */,
				477DADF218AD3A5600F72CA1 /* YRDViewController.m */,
				477DADEE18AD383900F72CA1 /* YRDWebViewController.h */,
				477DADEF18AD383900F72CA1 /* YRDWebViewController.m */,
				95F97BA218ADD34A00C65D10 /* YRDLaunchRequest.h */,
				95F97BA318ADD34A00C65D10 /* YRDLaunchRequest.m */,
				95F97BA518ADD3FC00C65D10 /* YRDMessagesRequest.h */,
				95F97BA618ADD3FC00C65D10 /* YRDMessagesRequest.m */,
				95F97BA818ADD67600C65D10 /* YRDDelayedBlock.h */,
				95F97BA918ADD67600C65D10 /* YRDDelayedBlock.m */,
				47230D9118AE9E29002A64AE /* YRDInAppPurchase.h */,
				47230D9D18AEA113002A64AE /* YRDInAppPurchase_Private.h */,
				47230D9218AE9E29002A64AE /* YRDInAppPurchase.m */,
				47230D9718AE9F60002A64AE /* YRDItemPurchase.h */,
				47230D9C18AEA0FF002A64AE /* YRDItemPurchase_Private.h */,
				47230D9818AE9F60002A64AE /* YRDItemPurchase.m */,
				47230D9418AE9E9E002A64AE /* YRDReward.h */,
				47230D9B18AEA0E6002A64AE /* YRDReward_Private.h */,
				47230D9518AE9E9E002A64AE /* YRDReward.m */,
				95ECDF3618B3140F00E2FEB7 /* YRDTimer.h */,
				95ECDF3718B3140F00E2FEB7 /* YRDTimer.m */,
				4790C47918A057ED001BBD3D /* Statistics */,
			);
			path = Yerdy;
			sourceTree = "<group>";
		};
		4790C45018A04ECB001BBD3D /* Supporting Files */ = {
			isa = PBXGroup;
			children = (
				4790C45118A04ECB001BBD3D /* Yerdy-Prefix.pch */,
			);
			name = "Supporting Files";
			sourceTree = "<group>";
		};
		4790C47918A057ED001BBD3D /* Statistics */ = {
			isa = PBXGroup;
			children = (
				4790C47A18A058E8001BBD3D /* YRDLaunchTracker.h */,
				4790C47B18A058E8001BBD3D /* YRDLaunchTracker.m */,
				95ECDF3318B3126600E2FEB7 /* YRDTimeTracker.h */,
				95ECDF3418B3126600E2FEB7 /* YRDTimeTracker.m */,
			);
			path = Statistics;
			sourceTree = "<group>";
		};
/* End PBXGroup section */

/* Begin PBXNativeTarget section */
		4790C44918A04ECB001BBD3D /* Yerdy */ = {
			isa = PBXNativeTarget;
			buildConfigurationList = 4790C46D18A04ECB001BBD3D /* Build configuration list for PBXNativeTarget "Yerdy" */;
			buildPhases = (
				4790C44618A04ECB001BBD3D /* Sources */,
				4790C44718A04ECB001BBD3D /* Frameworks */,
				4790C44818A04ECB001BBD3D /* CopyFiles */,
			);
			buildRules = (
			);
			dependencies = (
			);
			name = Yerdy;
			productName = Yerdy;
			productReference = 4790C44A18A04ECB001BBD3D /* libYerdy.a */;
			productType = "com.apple.product-type.library.static";
		};
/* End PBXNativeTarget section */

/* Begin PBXProject section */
		4790C44218A04ECB001BBD3D /* Project object */ = {
			isa = PBXProject;
			attributes = {
				LastUpgradeCheck = 0500;
				ORGANIZATIONNAME = Yerdy;
			};
			buildConfigurationList = 4790C44518A04ECB001BBD3D /* Build configuration list for PBXProject "Yerdy" */;
			compatibilityVersion = "Xcode 3.2";
			developmentRegion = English;
			hasScannedForEncodings = 0;
			knownRegions = (
				en,
			);
			mainGroup = 4790C44118A04ECB001BBD3D;
			productRefGroup = 4790C44B18A04ECB001BBD3D /* Products */;
			projectDirPath = "";
			projectRoot = "";
			targets = (
				4790C44918A04ECB001BBD3D /* Yerdy */,
			);
		};
/* End PBXProject section */

/* Begin PBXSourcesBuildPhase section */
		4790C44618A04ECB001BBD3D /* Sources */ = {
			isa = PBXSourcesBuildPhase;
			buildActionMask = 2147483647;
			files = (
				95F97BA118AB3C8B00C65D10 /* YRDMessagePresenterSystem.m in Sources */,
				4790C47818A0570F001BBD3D /* Yerdy.m in Sources */,
				95AA851318AB2A2B0022D6CC /* YRDMessage.m in Sources */,
				47230D9918AE9F60002A64AE /* YRDItemPurchase.m in Sources */,
				479B283918AAC74D00148BB7 /* YRDLaunchResponse.m in Sources */,
				47E9B6C418A9450D004A622F /* YRDLog.m in Sources */,
				95F97BAA18ADD67600C65D10 /* YRDDelayedBlock.m in Sources */,
				47230D9618AE9E9E002A64AE /* YRDReward.m in Sources */,
				95F97B9E18AB3BDE00C65D10 /* YRDMessagePresenter.m in Sources */,
				47E9B6CB18A95029004A622F /* YRDURLConnection.m in Sources */,
				477DADF318AD3A5600F72CA1 /* YRDViewController.m in Sources */,
				479B283218AAAAB600148BB7 /* YRDResponseHandler.m in Sources */,
				47230D9318AE9E29002A64AE /* YRDInAppPurchase.m in Sources */,
				95ECDF3518B3126600E2FEB7 /* YRDTimeTracker.m in Sources */,
				95ECDF3818B3140F00E2FEB7 /* YRDTimer.m in Sources */,
				95F97BA418ADD34A00C65D10 /* YRDLaunchRequest.m in Sources */,
				4790C48218A06014001BBD3D /* YRDUtil.m in Sources */,
				4790C47C18A058E8001BBD3D /* YRDLaunchTracker.m in Sources */,
				479B283518AABB2900148BB7 /* YRDJSONResponseHandler.m in Sources */,
				95F97BAD18ADE4F500C65D10 /* YRDAppActionParser.m in Sources */,
				95F97BA718ADD3FC00C65D10 /* YRDMessagesRequest.m in Sources */,
				4790C47F18A05D2C001BBD3D /* YRDConstants.m in Sources */,
				47E9B6C818A94CA7004A622F /* YRDRequest.m in Sources */,
				477DADF618AD4AC800F72CA1 /* YRDViewControllerManager.m in Sources */,
				477DADF018AD383900F72CA1 /* YRDWebViewController.m in Sources */,
			);
			runOnlyForDeploymentPostprocessing = 0;
		};
/* End PBXSourcesBuildPhase section */

/* Begin XCBuildConfiguration section */
		4790C46B18A04ECB001BBD3D /* Debug */ = {
			isa = XCBuildConfiguration;
			buildSettings = {
				ALWAYS_SEARCH_USER_PATHS = NO;
				ARCHS = "$(ARCHS_STANDARD_INCLUDING_64_BIT)";
				CLANG_CXX_LANGUAGE_STANDARD = "gnu++0x";
				CLANG_CXX_LIBRARY = "libc++";
				CLANG_ENABLE_MODULES = YES;
				CLANG_ENABLE_OBJC_ARC = YES;
				CLANG_WARN_BOOL_CONVERSION = YES;
				CLANG_WARN_CONSTANT_CONVERSION = YES;
				CLANG_WARN_DIRECT_OBJC_ISA_USAGE = YES_ERROR;
				CLANG_WARN_EMPTY_BODY = YES;
				CLANG_WARN_ENUM_CONVERSION = YES;
				CLANG_WARN_INT_CONVERSION = YES;
				CLANG_WARN_OBJC_ROOT_CLASS = YES_ERROR;
				CLANG_WARN__DUPLICATE_METHOD_MATCH = YES;
				COPY_PHASE_STRIP = NO;
				GCC_C_LANGUAGE_STANDARD = gnu99;
				GCC_DYNAMIC_NO_PIC = NO;
				GCC_OPTIMIZATION_LEVEL = 0;
				GCC_PREPROCESSOR_DEFINITIONS = (
					"DEBUG=1",
					"$(inherited)",
				);
				GCC_SYMBOLS_PRIVATE_EXTERN = NO;
				GCC_WARN_64_TO_32_BIT_CONVERSION = YES;
				GCC_WARN_ABOUT_RETURN_TYPE = YES_ERROR;
				GCC_WARN_UNDECLARED_SELECTOR = YES;
				GCC_WARN_UNINITIALIZED_AUTOS = YES;
				GCC_WARN_UNUSED_FUNCTION = YES;
				GCC_WARN_UNUSED_VARIABLE = YES;
				IPHONEOS_DEPLOYMENT_TARGET = 5.1;
				ONLY_ACTIVE_ARCH = YES;
				SDKROOT = iphoneos;
			};
			name = Debug;
		};
		4790C46C18A04ECB001BBD3D /* Release */ = {
			isa = XCBuildConfiguration;
			buildSettings = {
				ALWAYS_SEARCH_USER_PATHS = NO;
				ARCHS = "$(ARCHS_STANDARD_INCLUDING_64_BIT)";
				CLANG_CXX_LANGUAGE_STANDARD = "gnu++0x";
				CLANG_CXX_LIBRARY = "libc++";
				CLANG_ENABLE_MODULES = YES;
				CLANG_ENABLE_OBJC_ARC = YES;
				CLANG_WARN_BOOL_CONVERSION = YES;
				CLANG_WARN_CONSTANT_CONVERSION = YES;
				CLANG_WARN_DIRECT_OBJC_ISA_USAGE = YES_ERROR;
				CLANG_WARN_EMPTY_BODY = YES;
				CLANG_WARN_ENUM_CONVERSION = YES;
				CLANG_WARN_INT_CONVERSION = YES;
				CLANG_WARN_OBJC_ROOT_CLASS = YES_ERROR;
				CLANG_WARN__DUPLICATE_METHOD_MATCH = YES;
				COPY_PHASE_STRIP = YES;
				ENABLE_NS_ASSERTIONS = NO;
				GCC_C_LANGUAGE_STANDARD = gnu99;
				GCC_WARN_64_TO_32_BIT_CONVERSION = YES;
				GCC_WARN_ABOUT_RETURN_TYPE = YES_ERROR;
				GCC_WARN_UNDECLARED_SELECTOR = YES;
				GCC_WARN_UNINITIALIZED_AUTOS = YES;
				GCC_WARN_UNUSED_FUNCTION = YES;
				GCC_WARN_UNUSED_VARIABLE = YES;
				IPHONEOS_DEPLOYMENT_TARGET = 5.1;
				SDKROOT = iphoneos;
				VALIDATE_PRODUCT = YES;
			};
			name = Release;
		};
		4790C46E18A04ECB001BBD3D /* Debug */ = {
			isa = XCBuildConfiguration;
			buildSettings = {
				DSTROOT = /tmp/Yerdy.dst;
				GCC_PRECOMPILE_PREFIX_HEADER = YES;
				GCC_PREFIX_HEADER = "Yerdy/Yerdy-Prefix.pch";
				OTHER_LDFLAGS = "-ObjC";
				PRODUCT_NAME = "$(TARGET_NAME)";
				SKIP_INSTALL = YES;
			};
			name = Debug;
		};
		4790C46F18A04ECB001BBD3D /* Release */ = {
			isa = XCBuildConfiguration;
			buildSettings = {
				DSTROOT = /tmp/Yerdy.dst;
				GCC_PRECOMPILE_PREFIX_HEADER = YES;
				GCC_PREFIX_HEADER = "Yerdy/Yerdy-Prefix.pch";
				OTHER_LDFLAGS = "-ObjC";
				PRODUCT_NAME = "$(TARGET_NAME)";
				SKIP_INSTALL = YES;
			};
			name = Release;
		};
/* End XCBuildConfiguration section */

/* Begin XCConfigurationList section */
		4790C44518A04ECB001BBD3D /* Build configuration list for PBXProject "Yerdy" */ = {
			isa = XCConfigurationList;
			buildConfigurations = (
				4790C46B18A04ECB001BBD3D /* Debug */,
				4790C46C18A04ECB001BBD3D /* Release */,
			);
			defaultConfigurationIsVisible = 0;
			defaultConfigurationName = Release;
		};
		4790C46D18A04ECB001BBD3D /* Build configuration list for PBXNativeTarget "Yerdy" */ = {
			isa = XCConfigurationList;
			buildConfigurations = (
				4790C46E18A04ECB001BBD3D /* Debug */,
				4790C46F18A04ECB001BBD3D /* Release */,
			);
			defaultConfigurationIsVisible = 0;
			defaultConfigurationName = Release;
		};
/* End XCConfigurationList section */
	};
	rootObject = 4790C44218A04ECB001BBD3D /* Project object */;
}
