// !$*UTF8*$!
{
	archiveVersion = 1;
	classes = {
	};
	objectVersion = 46;
	objects = {

/* Begin PBXAggregateTarget section */
		47C68FB818E395A800A4BAD4 /* YerdyUniversal */ = {
			isa = PBXAggregateTarget;
			buildConfigurationList = 47C68FBB18E395A800A4BAD4 /* Build configuration list for PBXAggregateTarget "YerdyUniversal" */;
			buildPhases = (
				47C68FBC18E395C500A4BAD4 /* ShellScript */,
			);
			dependencies = (
			);
			name = YerdyUniversal;
			productName = YerdyUniversal;
		};
/* End PBXAggregateTarget section */

/* Begin PBXBuildFile section */
		4711E12A18BE770700966C93 /* YRDDelayedBlock.m in Sources */ = {isa = PBXBuildFile; fileRef = 4711E12118BE770700966C93 /* YRDDelayedBlock.m */; };
		4711E12B18BE770700966C93 /* YRDFontSizing.m in Sources */ = {isa = PBXBuildFile; fileRef = 4711E12318BE770700966C93 /* YRDFontSizing.m */; };
		4711E12C18BE770700966C93 /* YRDLog.m in Sources */ = {isa = PBXBuildFile; fileRef = 4711E12518BE770700966C93 /* YRDLog.m */; };
		4711E12D18BE770700966C93 /* YRDTimer.m in Sources */ = {isa = PBXBuildFile; fileRef = 4711E12718BE770700966C93 /* YRDTimer.m */; };
		4711E12E18BE770700966C93 /* YRDUtil.m in Sources */ = {isa = PBXBuildFile; fileRef = 4711E12918BE770700966C93 /* YRDUtil.m */; };
		4711E14918BE778A00966C93 /* YRDAppActionParser.m in Sources */ = {isa = PBXBuildFile; fileRef = 4711E13118BE778A00966C93 /* YRDAppActionParser.m */; };
		4711E14A18BE778A00966C93 /* YRDInAppPurchase.m in Sources */ = {isa = PBXBuildFile; fileRef = 4711E13318BE778A00966C93 /* YRDInAppPurchase.m */; };
		4711E14B18BE778A00966C93 /* YRDItemPurchase.m in Sources */ = {isa = PBXBuildFile; fileRef = 4711E13618BE778A00966C93 /* YRDItemPurchase.m */; };
		4711E14C18BE778A00966C93 /* YRDMessage.m in Sources */ = {isa = PBXBuildFile; fileRef = 4711E13918BE778A00966C93 /* YRDMessage.m */; };
		4711E14D18BE778A00966C93 /* YRDMessagePresenter.m in Sources */ = {isa = PBXBuildFile; fileRef = 4711E13B18BE778A00966C93 /* YRDMessagePresenter.m */; };
		4711E14E18BE778A00966C93 /* YRDMessagePresenterImage.m in Sources */ = {isa = PBXBuildFile; fileRef = 4711E13D18BE778A00966C93 /* YRDMessagePresenterImage.m */; };
		4711E14F18BE778A00966C93 /* YRDMessagePresenterSystem.m in Sources */ = {isa = PBXBuildFile; fileRef = 4711E13F18BE778A00966C93 /* YRDMessagePresenterSystem.m */; };
		4711E15018BE778A00966C93 /* YRDMessagesRequest.m in Sources */ = {isa = PBXBuildFile; fileRef = 4711E14118BE778A00966C93 /* YRDMessagesRequest.m */; };
		4711E15118BE778A00966C93 /* YRDMessageView.m in Sources */ = {isa = PBXBuildFile; fileRef = 4711E14318BE778A00966C93 /* YRDMessageView.m */; };
		4711E15218BE778A00966C93 /* YRDMessageViewController.m in Sources */ = {isa = PBXBuildFile; fileRef = 4711E14518BE778A00966C93 /* YRDMessageViewController.m */; };
		4711E15318BE778A00966C93 /* YRDReward.m in Sources */ = {isa = PBXBuildFile; fileRef = 4711E14718BE778A00966C93 /* YRDReward.m */; };
		4711E16118BE798200966C93 /* YRDLaunchRequest.m in Sources */ = {isa = PBXBuildFile; fileRef = 4711E15618BE798200966C93 /* YRDLaunchRequest.m */; };
		4711E16218BE798200966C93 /* YRDLaunchResponse.m in Sources */ = {isa = PBXBuildFile; fileRef = 4711E15818BE798200966C93 /* YRDLaunchResponse.m */; };
		4711E16318BE798200966C93 /* YRDPurchase.m in Sources */ = {isa = PBXBuildFile; fileRef = 4711E15C18BE798200966C93 /* YRDPurchase.m */; };
		4711E16418BE798200966C93 /* YRDTrackVirtualPurchaseRequest.m in Sources */ = {isa = PBXBuildFile; fileRef = 4711E15E18BE798200966C93 /* YRDTrackVirtualPurchaseRequest.m */; };
		4711E16518BE798200966C93 /* YRDTrackPurchaseResponse.m in Sources */ = {isa = PBXBuildFile; fileRef = 4711E16018BE798200966C93 /* YRDTrackPurchaseResponse.m */; };
		4711E16D18BE79A500966C93 /* YRDViewController.m in Sources */ = {isa = PBXBuildFile; fileRef = 4711E16818BE79A500966C93 /* YRDViewController.m */; };
		4711E16E18BE79A500966C93 /* YRDViewControllerManager.m in Sources */ = {isa = PBXBuildFile; fileRef = 4711E16A18BE79A500966C93 /* YRDViewControllerManager.m */; };
		4711E16F18BE79A500966C93 /* YRDWebViewController.m in Sources */ = {isa = PBXBuildFile; fileRef = 4711E16C18BE79A500966C93 /* YRDWebViewController.m */; };
		4711E17F18BE79B700966C93 /* YRDImageCache.m in Sources */ = {isa = PBXBuildFile; fileRef = 4711E17318BE79B700966C93 /* YRDImageCache.m */; };
		4711E18018BE79B700966C93 /* YRDImageResponseHandler.m in Sources */ = {isa = PBXBuildFile; fileRef = 4711E17518BE79B700966C93 /* YRDImageResponseHandler.m */; };
		4711E18118BE79B700966C93 /* YRDJSONResponseHandler.m in Sources */ = {isa = PBXBuildFile; fileRef = 4711E17718BE79B700966C93 /* YRDJSONResponseHandler.m */; };
		4711E18218BE79B700966C93 /* YRDRequest.m in Sources */ = {isa = PBXBuildFile; fileRef = 4711E17A18BE79B700966C93 /* YRDRequest.m */; };
		4711E18318BE79B700966C93 /* YRDResponseHandler.m in Sources */ = {isa = PBXBuildFile; fileRef = 4711E17C18BE79B700966C93 /* YRDResponseHandler.m */; };
		4711E18418BE79B700966C93 /* YRDURLConnection.m in Sources */ = {isa = PBXBuildFile; fileRef = 4711E17E18BE79B700966C93 /* YRDURLConnection.m */; };
		474B4F7018C7EBA200DF67E2 /* YRDScreenVisitTracker.m in Sources */ = {isa = PBXBuildFile; fileRef = 474B4F6F18C7EBA200DF67E2 /* YRDScreenVisitTracker.m */; };
		474B4F7B18C9165B00DF67E2 /* YRDTrackCounterRequest.m in Sources */ = {isa = PBXBuildFile; fileRef = 474B4F7A18C9165B00DF67E2 /* YRDTrackCounterRequest.m */; };
		474B4F7E18C9187600DF67E2 /* YRDTrackCounterResponse.m in Sources */ = {isa = PBXBuildFile; fileRef = 474B4F7D18C9187600DF67E2 /* YRDTrackCounterResponse.m */; };
		474B4F8118C91BB000DF67E2 /* YRDProgressionTracker.m in Sources */ = {isa = PBXBuildFile; fileRef = 474B4F8018C91BB000DF67E2 /* YRDProgressionTracker.m */; };
		474B4F8418CA344900DF67E2 /* YRDReachability.m in Sources */ = {isa = PBXBuildFile; fileRef = 474B4F8318CA344900DF67E2 /* YRDReachability.m */; };
		474B4F8718CA3E2C00DF67E2 /* YRDIgnoreResponseHandler.m in Sources */ = {isa = PBXBuildFile; fileRef = 474B4F8618CA3E2C00DF67E2 /* YRDIgnoreResponseHandler.m */; };
		474B4F8F18CA70FC00DF67E2 /* YRDPurchaseSubmitter.m in Sources */ = {isa = PBXBuildFile; fileRef = 474B4F8E18CA70FC00DF67E2 /* YRDPurchaseSubmitter.m */; };
		4790C44E18A04ECB001BBD3D /* Foundation.framework in Frameworks */ = {isa = PBXBuildFile; fileRef = 4790C44D18A04ECB001BBD3D /* Foundation.framework */; };
		4790C47818A0570F001BBD3D /* Yerdy.m in Sources */ = {isa = PBXBuildFile; fileRef = 4790C47718A0570F001BBD3D /* Yerdy.m */; };
		4790C47C18A058E8001BBD3D /* YRDLaunchTracker.m in Sources */ = {isa = PBXBuildFile; fileRef = 4790C47B18A058E8001BBD3D /* YRDLaunchTracker.m */; };
		4790C47F18A05D2C001BBD3D /* YRDConstants.m in Sources */ = {isa = PBXBuildFile; fileRef = 4790C47E18A05D2C001BBD3D /* YRDConstants.m */; };
		4795C3AA18E0D59500DE471A /* YRDDataStore.m in Sources */ = {isa = PBXBuildFile; fileRef = 4795C3A918E0D59500DE471A /* YRDDataStore.m */; };
		479CB2D118E4C6D6005C4CC1 /* YerdyDelegate.h in CopyFiles */ = {isa = PBXBuildFile; fileRef = 95F97B9B18AB386000C65D10 /* YerdyDelegate.h */; };
		479CB2D218E4C6DF005C4CC1 /* YerdyDelegate.h in CopyFiles */ = {isa = PBXBuildFile; fileRef = 95F97B9B18AB386000C65D10 /* YerdyDelegate.h */; };
		47C68FBD18E3997A00A4BAD4 /* Yerdy.h in CopyFiles */ = {isa = PBXBuildFile; fileRef = 4790C47618A0570F001BBD3D /* Yerdy.h */; };
		47C68FBE18E3997A00A4BAD4 /* YRDItemPurchase.h in CopyFiles */ = {isa = PBXBuildFile; fileRef = 4711E13518BE778A00966C93 /* YRDItemPurchase.h */; };
		47C68FBF18E3997A00A4BAD4 /* YRDInAppPurchase.h in CopyFiles */ = {isa = PBXBuildFile; fileRef = 4711E13218BE778A00966C93 /* YRDInAppPurchase.h */; };
		47C68FC018E3997A00A4BAD4 /* YRDReward.h in CopyFiles */ = {isa = PBXBuildFile; fileRef = 4711E14618BE778A00966C93 /* YRDReward.h */; };
		47C68FC118E3997A00A4BAD4 /* YRDLogLevel.h in CopyFiles */ = {isa = PBXBuildFile; fileRef = 4757881818E38B2A00977CBE /* YRDLogLevel.h */; };
		47C68FC218E3998500A4BAD4 /* YRDPurchase.h in CopyFiles */ = {isa = PBXBuildFile; fileRef = 4711E15B18BE798200966C93 /* YRDPurchase.h */; };
		47C68FD118E4869100A4BAD4 /* YRDProgressionTracker.m in Sources */ = {isa = PBXBuildFile; fileRef = 474B4F8018C91BB000DF67E2 /* YRDProgressionTracker.m */; };
		47C68FD218E4869100A4BAD4 /* YRDMessagePresenter.m in Sources */ = {isa = PBXBuildFile; fileRef = 4711E13B18BE778A00966C93 /* YRDMessagePresenter.m */; };
		47C68FD318E4869100A4BAD4 /* YRDInAppPurchase.m in Sources */ = {isa = PBXBuildFile; fileRef = 4711E13318BE778A00966C93 /* YRDInAppPurchase.m */; };
		47C68FD418E4869100A4BAD4 /* YRDMessagesRequest.m in Sources */ = {isa = PBXBuildFile; fileRef = 4711E14118BE778A00966C93 /* YRDMessagesRequest.m */; };
		47C68FD518E4869100A4BAD4 /* YRDCounterEvent.m in Sources */ = {isa = PBXBuildFile; fileRef = 9505137218C97B7C0006D129 /* YRDCounterEvent.m */; };
		47C68FD618E4869100A4BAD4 /* YRDIgnoreResponseHandler.m in Sources */ = {isa = PBXBuildFile; fileRef = 474B4F8618CA3E2C00DF67E2 /* YRDIgnoreResponseHandler.m */; };
		47C68FD718E4869100A4BAD4 /* YRDLog.m in Sources */ = {isa = PBXBuildFile; fileRef = 4711E12518BE770700966C93 /* YRDLog.m */; };
		47C68FD818E4869100A4BAD4 /* YRDTrackCounterRequest.m in Sources */ = {isa = PBXBuildFile; fileRef = 474B4F7A18C9165B00DF67E2 /* YRDTrackCounterRequest.m */; };
		47C68FD918E4869100A4BAD4 /* YRDCurrencyTracker.m in Sources */ = {isa = PBXBuildFile; fileRef = 95CA641C18BDAB3F0047D2E2 /* YRDCurrencyTracker.m */; };
		47C68FDA18E4869100A4BAD4 /* YRDReward.m in Sources */ = {isa = PBXBuildFile; fileRef = 4711E14718BE778A00966C93 /* YRDReward.m */; };
		47C68FDB18E4869100A4BAD4 /* YRDJSONResponseHandler.m in Sources */ = {isa = PBXBuildFile; fileRef = 4711E17718BE79B700966C93 /* YRDJSONResponseHandler.m */; };
		47C68FDC18E4869100A4BAD4 /* YRDReachability.m in Sources */ = {isa = PBXBuildFile; fileRef = 474B4F8318CA344900DF67E2 /* YRDReachability.m */; };
		47C68FDD18E4869100A4BAD4 /* YRDViewControllerManager.m in Sources */ = {isa = PBXBuildFile; fileRef = 4711E16A18BE79A500966C93 /* YRDViewControllerManager.m */; };
		47C68FDE18E4869100A4BAD4 /* YRDItemPurchase.m in Sources */ = {isa = PBXBuildFile; fileRef = 4711E13618BE778A00966C93 /* YRDItemPurchase.m */; };
		47C68FDF18E4869100A4BAD4 /* YRDMessagePresenterImage.m in Sources */ = {isa = PBXBuildFile; fileRef = 4711E13D18BE778A00966C93 /* YRDMessagePresenterImage.m */; };
		47C68FE018E4869100A4BAD4 /* YRDLaunchRequest.m in Sources */ = {isa = PBXBuildFile; fileRef = 4711E15618BE798200966C93 /* YRDLaunchRequest.m */; };
		47C68FE118E4869100A4BAD4 /* Yerdy.m in Sources */ = {isa = PBXBuildFile; fileRef = 4790C47718A0570F001BBD3D /* Yerdy.m */; };
		47C68FE218E4869100A4BAD4 /* YRDTrackVirtualPurchaseRequest.m in Sources */ = {isa = PBXBuildFile; fileRef = 4711E15E18BE798200966C93 /* YRDTrackVirtualPurchaseRequest.m */; };
		47C68FE318E4869100A4BAD4 /* YRDUtil.m in Sources */ = {isa = PBXBuildFile; fileRef = 4711E12918BE770700966C93 /* YRDUtil.m */; };
		47C68FE418E4869100A4BAD4 /* YRDViewController.m in Sources */ = {isa = PBXBuildFile; fileRef = 4711E16818BE79A500966C93 /* YRDViewController.m */; };
		47C68FE518E4869100A4BAD4 /* YRDPurchaseSubmitter.m in Sources */ = {isa = PBXBuildFile; fileRef = 474B4F8E18CA70FC00DF67E2 /* YRDPurchaseSubmitter.m */; };
		47C68FE618E4869100A4BAD4 /* YRDProductRequest.m in Sources */ = {isa = PBXBuildFile; fileRef = 47D716F318C688B0001AE028 /* YRDProductRequest.m */; };
		47C68FE718E4869100A4BAD4 /* YRDURLConnection.m in Sources */ = {isa = PBXBuildFile; fileRef = 4711E17E18BE79B700966C93 /* YRDURLConnection.m */; };
		47C68FE818E4869100A4BAD4 /* YRDPurchase.m in Sources */ = {isa = PBXBuildFile; fileRef = 4711E15C18BE798200966C93 /* YRDPurchase.m */; };
		47C68FE918E4869100A4BAD4 /* YRDMessage.m in Sources */ = {isa = PBXBuildFile; fileRef = 4711E13918BE778A00966C93 /* YRDMessage.m */; };
		47C68FEA18E4869100A4BAD4 /* YRDDataStore.m in Sources */ = {isa = PBXBuildFile; fileRef = 4795C3A918E0D59500DE471A /* YRDDataStore.m */; };
		47C68FEB18E4869100A4BAD4 /* YRDDelayedBlock.m in Sources */ = {isa = PBXBuildFile; fileRef = 4711E12118BE770700966C93 /* YRDDelayedBlock.m */; };
		47C68FEC18E4869100A4BAD4 /* YRDMessagePresenterSystem.m in Sources */ = {isa = PBXBuildFile; fileRef = 4711E13F18BE778A00966C93 /* YRDMessagePresenterSystem.m */; };
		47C68FED18E4869100A4BAD4 /* YRDTrackPurchaseResponse.m in Sources */ = {isa = PBXBuildFile; fileRef = 4711E16018BE798200966C93 /* YRDTrackPurchaseResponse.m */; };
		47C68FEE18E4869100A4BAD4 /* YRDImageResponseHandler.m in Sources */ = {isa = PBXBuildFile; fileRef = 4711E17518BE79B700966C93 /* YRDImageResponseHandler.m */; };
		47C68FEF18E4869100A4BAD4 /* YRDTrackPurchaseRequest.m in Sources */ = {isa = PBXBuildFile; fileRef = 95FD8EF518BEE3E7009C2389 /* YRDTrackPurchaseRequest.m */; };
		47C68FF018E4869100A4BAD4 /* YRDTimeTracker.m in Sources */ = {isa = PBXBuildFile; fileRef = 95ECDF3418B3126600E2FEB7 /* YRDTimeTracker.m */; };
		47C68FF118E4869100A4BAD4 /* YRDRequestCache.m in Sources */ = {isa = PBXBuildFile; fileRef = 95FD8EFB18BEEE58009C2389 /* YRDRequestCache.m */; };
		47C68FF218E4869100A4BAD4 /* YRDPaths.m in Sources */ = {isa = PBXBuildFile; fileRef = 95FD8EFE18BEF276009C2389 /* YRDPaths.m */; };
		47C68FF318E4869100A4BAD4 /* YRDLaunchResponse.m in Sources */ = {isa = PBXBuildFile; fileRef = 4711E15818BE798200966C93 /* YRDLaunchResponse.m */; };
		47C68FF418E4869100A4BAD4 /* YRDWebViewController.m in Sources */ = {isa = PBXBuildFile; fileRef = 4711E16C18BE79A500966C93 /* YRDWebViewController.m */; };
		47C68FF518E4869100A4BAD4 /* YRDMessageViewController.m in Sources */ = {isa = PBXBuildFile; fileRef = 4711E14518BE778A00966C93 /* YRDMessageViewController.m */; };
		47C68FF618E4869100A4BAD4 /* YRDRequest.m in Sources */ = {isa = PBXBuildFile; fileRef = 4711E17A18BE79B700966C93 /* YRDRequest.m */; };
		47C68FF718E4869100A4BAD4 /* YRDTrackCounterBatcher.m in Sources */ = {isa = PBXBuildFile; fileRef = 9505137518C97D9F0006D129 /* YRDTrackCounterBatcher.m */; };
		47C68FF818E4869100A4BAD4 /* YRDTrackCounterResponse.m in Sources */ = {isa = PBXBuildFile; fileRef = 474B4F7D18C9187600DF67E2 /* YRDTrackCounterResponse.m */; };
		47C68FF918E4869100A4BAD4 /* YRDLaunchTracker.m in Sources */ = {isa = PBXBuildFile; fileRef = 4790C47B18A058E8001BBD3D /* YRDLaunchTracker.m */; };
		47C68FFA18E4869100A4BAD4 /* YRDScreenVisitTracker.m in Sources */ = {isa = PBXBuildFile; fileRef = 474B4F6F18C7EBA200DF67E2 /* YRDScreenVisitTracker.m */; };
		47C68FFB18E4869100A4BAD4 /* YRDImageCache.m in Sources */ = {isa = PBXBuildFile; fileRef = 4711E17318BE79B700966C93 /* YRDImageCache.m */; };
		47C68FFC18E4869100A4BAD4 /* YRDTimer.m in Sources */ = {isa = PBXBuildFile; fileRef = 4711E12718BE770700966C93 /* YRDTimer.m */; };
		47C68FFD18E4869100A4BAD4 /* YRDMessageView.m in Sources */ = {isa = PBXBuildFile; fileRef = 4711E14318BE778A00966C93 /* YRDMessageView.m */; };
		47C68FFE18E4869100A4BAD4 /* YRDResponseHandler.m in Sources */ = {isa = PBXBuildFile; fileRef = 4711E17C18BE79B700966C93 /* YRDResponseHandler.m */; };
		47C68FFF18E4869100A4BAD4 /* YRDConstants.m in Sources */ = {isa = PBXBuildFile; fileRef = 4790C47E18A05D2C001BBD3D /* YRDConstants.m */; };
		47C6900018E4869100A4BAD4 /* YRDAppActionParser.m in Sources */ = {isa = PBXBuildFile; fileRef = 4711E13118BE778A00966C93 /* YRDAppActionParser.m */; };
		47C6900118E4869100A4BAD4 /* YRDConversionTracker.m in Sources */ = {isa = PBXBuildFile; fileRef = 95CA641918B948DA0047D2E2 /* YRDConversionTracker.m */; };
		47C6900218E4869100A4BAD4 /* YRDFontSizing.m in Sources */ = {isa = PBXBuildFile; fileRef = 4711E12318BE770700966C93 /* YRDFontSizing.m */; };
		47C6900418E4869100A4BAD4 /* Foundation.framework in Frameworks */ = {isa = PBXBuildFile; fileRef = 4790C44D18A04ECB001BBD3D /* Foundation.framework */; };
		47C6900618E4869100A4BAD4 /* YRDPurchase.h in CopyFiles */ = {isa = PBXBuildFile; fileRef = 4711E15B18BE798200966C93 /* YRDPurchase.h */; };
		47C6900718E4869100A4BAD4 /* Yerdy.h in CopyFiles */ = {isa = PBXBuildFile; fileRef = 4790C47618A0570F001BBD3D /* Yerdy.h */; };
		47C6900818E4869100A4BAD4 /* YRDItemPurchase.h in CopyFiles */ = {isa = PBXBuildFile; fileRef = 4711E13518BE778A00966C93 /* YRDItemPurchase.h */; };
		47C6900918E4869100A4BAD4 /* YRDInAppPurchase.h in CopyFiles */ = {isa = PBXBuildFile; fileRef = 4711E13218BE778A00966C93 /* YRDInAppPurchase.h */; };
		47C6900A18E4869100A4BAD4 /* YRDReward.h in CopyFiles */ = {isa = PBXBuildFile; fileRef = 4711E14618BE778A00966C93 /* YRDReward.h */; };
		47C6900B18E4869100A4BAD4 /* YRDLogLevel.h in CopyFiles */ = {isa = PBXBuildFile; fileRef = 4757881818E38B2A00977CBE /* YRDLogLevel.h */; };
		47D716F418C688B0001AE028 /* YRDProductRequest.m in Sources */ = {isa = PBXBuildFile; fileRef = 47D716F318C688B0001AE028 /* YRDProductRequest.m */; };
		9505137318C97B7C0006D129 /* YRDCounterEvent.m in Sources */ = {isa = PBXBuildFile; fileRef = 9505137218C97B7C0006D129 /* YRDCounterEvent.m */; };
		9505137618C97D9F0006D129 /* YRDTrackCounterBatcher.m in Sources */ = {isa = PBXBuildFile; fileRef = 9505137518C97D9F0006D129 /* YRDTrackCounterBatcher.m */; };
		95CA641A18B948DA0047D2E2 /* YRDConversionTracker.m in Sources */ = {isa = PBXBuildFile; fileRef = 95CA641918B948DA0047D2E2 /* YRDConversionTracker.m */; };
		95CA641D18BDAB3F0047D2E2 /* YRDCurrencyTracker.m in Sources */ = {isa = PBXBuildFile; fileRef = 95CA641C18BDAB3F0047D2E2 /* YRDCurrencyTracker.m */; };
		95ECDF3518B3126600E2FEB7 /* YRDTimeTracker.m in Sources */ = {isa = PBXBuildFile; fileRef = 95ECDF3418B3126600E2FEB7 /* YRDTimeTracker.m */; };
		95FD8EF618BEE3E7009C2389 /* YRDTrackPurchaseRequest.m in Sources */ = {isa = PBXBuildFile; fileRef = 95FD8EF518BEE3E7009C2389 /* YRDTrackPurchaseRequest.m */; };
		95FD8EFC18BEEE58009C2389 /* YRDRequestCache.m in Sources */ = {isa = PBXBuildFile; fileRef = 95FD8EFB18BEEE58009C2389 /* YRDRequestCache.m */; };
		95FD8EFF18BEF276009C2389 /* YRDPaths.m in Sources */ = {isa = PBXBuildFile; fileRef = 95FD8EFE18BEF276009C2389 /* YRDPaths.m */; };
/* End PBXBuildFile section */

/* Begin PBXCopyFilesBuildPhase section */
		4790C44818A04ECB001BBD3D /* CopyFiles */ = {
			isa = PBXCopyFilesBuildPhase;
			buildActionMask = 2147483647;
			dstPath = "";
			dstSubfolderSpec = 16;
			files = (
				479CB2D118E4C6D6005C4CC1 /* YerdyDelegate.h in CopyFiles */,
				47C68FC218E3998500A4BAD4 /* YRDPurchase.h in CopyFiles */,
				47C68FBD18E3997A00A4BAD4 /* Yerdy.h in CopyFiles */,
				47C68FBE18E3997A00A4BAD4 /* YRDItemPurchase.h in CopyFiles */,
				47C68FBF18E3997A00A4BAD4 /* YRDInAppPurchase.h in CopyFiles */,
				47C68FC018E3997A00A4BAD4 /* YRDReward.h in CopyFiles */,
				47C68FC118E3997A00A4BAD4 /* YRDLogLevel.h in CopyFiles */,
			);
			runOnlyForDeploymentPostprocessing = 0;
		};
		47C6900518E4869100A4BAD4 /* CopyFiles */ = {
			isa = PBXCopyFilesBuildPhase;
			buildActionMask = 2147483647;
			dstPath = "";
			dstSubfolderSpec = 16;
			files = (
				479CB2D218E4C6DF005C4CC1 /* YerdyDelegate.h in CopyFiles */,
				47C6900618E4869100A4BAD4 /* YRDPurchase.h in CopyFiles */,
				47C6900718E4869100A4BAD4 /* Yerdy.h in CopyFiles */,
				47C6900818E4869100A4BAD4 /* YRDItemPurchase.h in CopyFiles */,
				47C6900918E4869100A4BAD4 /* YRDInAppPurchase.h in CopyFiles */,
				47C6900A18E4869100A4BAD4 /* YRDReward.h in CopyFiles */,
				47C6900B18E4869100A4BAD4 /* YRDLogLevel.h in CopyFiles */,
			);
			runOnlyForDeploymentPostprocessing = 0;
		};
/* End PBXCopyFilesBuildPhase section */

/* Begin PBXFileReference section */
		4711E12018BE770700966C93 /* YRDDelayedBlock.h */ = {isa = PBXFileReference; fileEncoding = 4; lastKnownFileType = sourcecode.c.h; path = YRDDelayedBlock.h; sourceTree = "<group>"; };
		4711E12118BE770700966C93 /* YRDDelayedBlock.m */ = {isa = PBXFileReference; fileEncoding = 4; lastKnownFileType = sourcecode.c.objc; path = YRDDelayedBlock.m; sourceTree = "<group>"; };
		4711E12218BE770700966C93 /* YRDFontSizing.h */ = {isa = PBXFileReference; fileEncoding = 4; lastKnownFileType = sourcecode.c.h; path = YRDFontSizing.h; sourceTree = "<group>"; };
		4711E12318BE770700966C93 /* YRDFontSizing.m */ = {isa = PBXFileReference; fileEncoding = 4; lastKnownFileType = sourcecode.c.objc; path = YRDFontSizing.m; sourceTree = "<group>"; };
		4711E12418BE770700966C93 /* YRDLog.h */ = {isa = PBXFileReference; fileEncoding = 4; lastKnownFileType = sourcecode.c.h; path = YRDLog.h; sourceTree = "<group>"; };
		4711E12518BE770700966C93 /* YRDLog.m */ = {isa = PBXFileReference; fileEncoding = 4; lastKnownFileType = sourcecode.c.objc; path = YRDLog.m; sourceTree = "<group>"; };
		4711E12618BE770700966C93 /* YRDTimer.h */ = {isa = PBXFileReference; fileEncoding = 4; lastKnownFileType = sourcecode.c.h; path = YRDTimer.h; sourceTree = "<group>"; };
		4711E12718BE770700966C93 /* YRDTimer.m */ = {isa = PBXFileReference; fileEncoding = 4; lastKnownFileType = sourcecode.c.objc; path = YRDTimer.m; sourceTree = "<group>"; };
		4711E12818BE770700966C93 /* YRDUtil.h */ = {isa = PBXFileReference; fileEncoding = 4; lastKnownFileType = sourcecode.c.h; path = YRDUtil.h; sourceTree = "<group>"; };
		4711E12918BE770700966C93 /* YRDUtil.m */ = {isa = PBXFileReference; fileEncoding = 4; lastKnownFileType = sourcecode.c.objc; path = YRDUtil.m; sourceTree = "<group>"; };
		4711E13018BE778A00966C93 /* YRDAppActionParser.h */ = {isa = PBXFileReference; fileEncoding = 4; lastKnownFileType = sourcecode.c.h; path = YRDAppActionParser.h; sourceTree = "<group>"; };
		4711E13118BE778A00966C93 /* YRDAppActionParser.m */ = {isa = PBXFileReference; fileEncoding = 4; lastKnownFileType = sourcecode.c.objc; path = YRDAppActionParser.m; sourceTree = "<group>"; };
		4711E13218BE778A00966C93 /* YRDInAppPurchase.h */ = {isa = PBXFileReference; fileEncoding = 4; lastKnownFileType = sourcecode.c.h; path = YRDInAppPurchase.h; sourceTree = "<group>"; };
		4711E13318BE778A00966C93 /* YRDInAppPurchase.m */ = {isa = PBXFileReference; fileEncoding = 4; lastKnownFileType = sourcecode.c.objc; path = YRDInAppPurchase.m; sourceTree = "<group>"; };
		4711E13418BE778A00966C93 /* YRDInAppPurchase_Private.h */ = {isa = PBXFileReference; fileEncoding = 4; lastKnownFileType = sourcecode.c.h; path = YRDInAppPurchase_Private.h; sourceTree = "<group>"; };
		4711E13518BE778A00966C93 /* YRDItemPurchase.h */ = {isa = PBXFileReference; fileEncoding = 4; lastKnownFileType = sourcecode.c.h; path = YRDItemPurchase.h; sourceTree = "<group>"; };
		4711E13618BE778A00966C93 /* YRDItemPurchase.m */ = {isa = PBXFileReference; fileEncoding = 4; lastKnownFileType = sourcecode.c.objc; path = YRDItemPurchase.m; sourceTree = "<group>"; };
		4711E13718BE778A00966C93 /* YRDItemPurchase_Private.h */ = {isa = PBXFileReference; fileEncoding = 4; lastKnownFileType = sourcecode.c.h; path = YRDItemPurchase_Private.h; sourceTree = "<group>"; };
		4711E13818BE778A00966C93 /* YRDMessage.h */ = {isa = PBXFileReference; fileEncoding = 4; lastKnownFileType = sourcecode.c.h; path = YRDMessage.h; sourceTree = "<group>"; };
		4711E13918BE778A00966C93 /* YRDMessage.m */ = {isa = PBXFileReference; fileEncoding = 4; lastKnownFileType = sourcecode.c.objc; path = YRDMessage.m; sourceTree = "<group>"; };
		4711E13A18BE778A00966C93 /* YRDMessagePresenter.h */ = {isa = PBXFileReference; fileEncoding = 4; lastKnownFileType = sourcecode.c.h; path = YRDMessagePresenter.h; sourceTree = "<group>"; };
		4711E13B18BE778A00966C93 /* YRDMessagePresenter.m */ = {isa = PBXFileReference; fileEncoding = 4; lastKnownFileType = sourcecode.c.objc; path = YRDMessagePresenter.m; sourceTree = "<group>"; };
		4711E13C18BE778A00966C93 /* YRDMessagePresenterImage.h */ = {isa = PBXFileReference; fileEncoding = 4; lastKnownFileType = sourcecode.c.h; path = YRDMessagePresenterImage.h; sourceTree = "<group>"; };
		4711E13D18BE778A00966C93 /* YRDMessagePresenterImage.m */ = {isa = PBXFileReference; fileEncoding = 4; lastKnownFileType = sourcecode.c.objc; path = YRDMessagePresenterImage.m; sourceTree = "<group>"; };
		4711E13E18BE778A00966C93 /* YRDMessagePresenterSystem.h */ = {isa = PBXFileReference; fileEncoding = 4; lastKnownFileType = sourcecode.c.h; path = YRDMessagePresenterSystem.h; sourceTree = "<group>"; };
		4711E13F18BE778A00966C93 /* YRDMessagePresenterSystem.m */ = {isa = PBXFileReference; fileEncoding = 4; lastKnownFileType = sourcecode.c.objc; path = YRDMessagePresenterSystem.m; sourceTree = "<group>"; };
		4711E14018BE778A00966C93 /* YRDMessagesRequest.h */ = {isa = PBXFileReference; fileEncoding = 4; lastKnownFileType = sourcecode.c.h; path = YRDMessagesRequest.h; sourceTree = "<group>"; };
		4711E14118BE778A00966C93 /* YRDMessagesRequest.m */ = {isa = PBXFileReference; fileEncoding = 4; lastKnownFileType = sourcecode.c.objc; path = YRDMessagesRequest.m; sourceTree = "<group>"; };
		4711E14218BE778A00966C93 /* YRDMessageView.h */ = {isa = PBXFileReference; fileEncoding = 4; lastKnownFileType = sourcecode.c.h; path = YRDMessageView.h; sourceTree = "<group>"; };
		4711E14318BE778A00966C93 /* YRDMessageView.m */ = {isa = PBXFileReference; fileEncoding = 4; lastKnownFileType = sourcecode.c.objc; path = YRDMessageView.m; sourceTree = "<group>"; };
		4711E14418BE778A00966C93 /* YRDMessageViewController.h */ = {isa = PBXFileReference; fileEncoding = 4; lastKnownFileType = sourcecode.c.h; path = YRDMessageViewController.h; sourceTree = "<group>"; };
		4711E14518BE778A00966C93 /* YRDMessageViewController.m */ = {isa = PBXFileReference; fileEncoding = 4; lastKnownFileType = sourcecode.c.objc; path = YRDMessageViewController.m; sourceTree = "<group>"; };
		4711E14618BE778A00966C93 /* YRDReward.h */ = {isa = PBXFileReference; fileEncoding = 4; lastKnownFileType = sourcecode.c.h; path = YRDReward.h; sourceTree = "<group>"; };
		4711E14718BE778A00966C93 /* YRDReward.m */ = {isa = PBXFileReference; fileEncoding = 4; lastKnownFileType = sourcecode.c.objc; path = YRDReward.m; sourceTree = "<group>"; };
		4711E14818BE778A00966C93 /* YRDReward_Private.h */ = {isa = PBXFileReference; fileEncoding = 4; lastKnownFileType = sourcecode.c.h; path = YRDReward_Private.h; sourceTree = "<group>"; };
		4711E15518BE798200966C93 /* YRDLaunchRequest.h */ = {isa = PBXFileReference; fileEncoding = 4; lastKnownFileType = sourcecode.c.h; path = YRDLaunchRequest.h; sourceTree = "<group>"; };
		4711E15618BE798200966C93 /* YRDLaunchRequest.m */ = {isa = PBXFileReference; fileEncoding = 4; lastKnownFileType = sourcecode.c.objc; path = YRDLaunchRequest.m; sourceTree = "<group>"; };
		4711E15718BE798200966C93 /* YRDLaunchResponse.h */ = {isa = PBXFileReference; fileEncoding = 4; lastKnownFileType = sourcecode.c.h; path = YRDLaunchResponse.h; sourceTree = "<group>"; };
		4711E15818BE798200966C93 /* YRDLaunchResponse.m */ = {isa = PBXFileReference; fileEncoding = 4; lastKnownFileType = sourcecode.c.objc; path = YRDLaunchResponse.m; sourceTree = "<group>"; };
		4711E15918BE798200966C93 /* YRDUserType.h */ = {isa = PBXFileReference; fileEncoding = 4; lastKnownFileType = sourcecode.c.h; path = YRDUserType.h; sourceTree = "<group>"; };
		4711E15B18BE798200966C93 /* YRDPurchase.h */ = {isa = PBXFileReference; fileEncoding = 4; lastKnownFileType = sourcecode.c.h; path = YRDPurchase.h; sourceTree = "<group>"; };
		4711E15C18BE798200966C93 /* YRDPurchase.m */ = {isa = PBXFileReference; fileEncoding = 4; lastKnownFileType = sourcecode.c.objc; path = YRDPurchase.m; sourceTree = "<group>"; };
		4711E15D18BE798200966C93 /* YRDTrackVirtualPurchaseRequest.h */ = {isa = PBXFileReference; fileEncoding = 4; lastKnownFileType = sourcecode.c.h; path = YRDTrackVirtualPurchaseRequest.h; sourceTree = "<group>"; };
		4711E15E18BE798200966C93 /* YRDTrackVirtualPurchaseRequest.m */ = {isa = PBXFileReference; fileEncoding = 4; lastKnownFileType = sourcecode.c.objc; path = YRDTrackVirtualPurchaseRequest.m; sourceTree = "<group>"; };
		4711E15F18BE798200966C93 /* YRDTrackPurchaseResponse.h */ = {isa = PBXFileReference; fileEncoding = 4; lastKnownFileType = sourcecode.c.h; path = YRDTrackPurchaseResponse.h; sourceTree = "<group>"; };
		4711E16018BE798200966C93 /* YRDTrackPurchaseResponse.m */ = {isa = PBXFileReference; fileEncoding = 4; lastKnownFileType = sourcecode.c.objc; path = YRDTrackPurchaseResponse.m; sourceTree = "<group>"; };
		4711E16718BE79A500966C93 /* YRDViewController.h */ = {isa = PBXFileReference; fileEncoding = 4; lastKnownFileType = sourcecode.c.h; path = YRDViewController.h; sourceTree = "<group>"; };
		4711E16818BE79A500966C93 /* YRDViewController.m */ = {isa = PBXFileReference; fileEncoding = 4; lastKnownFileType = sourcecode.c.objc; path = YRDViewController.m; sourceTree = "<group>"; };
		4711E16918BE79A500966C93 /* YRDViewControllerManager.h */ = {isa = PBXFileReference; fileEncoding = 4; lastKnownFileType = sourcecode.c.h; path = YRDViewControllerManager.h; sourceTree = "<group>"; };
		4711E16A18BE79A500966C93 /* YRDViewControllerManager.m */ = {isa = PBXFileReference; fileEncoding = 4; lastKnownFileType = sourcecode.c.objc; path = YRDViewControllerManager.m; sourceTree = "<group>"; };
		4711E16B18BE79A500966C93 /* YRDWebViewController.h */ = {isa = PBXFileReference; fileEncoding = 4; lastKnownFileType = sourcecode.c.h; path = YRDWebViewController.h; sourceTree = "<group>"; };
		4711E16C18BE79A500966C93 /* YRDWebViewController.m */ = {isa = PBXFileReference; fileEncoding = 4; lastKnownFileType = sourcecode.c.objc; path = YRDWebViewController.m; sourceTree = "<group>"; };
		4711E17218BE79B700966C93 /* YRDImageCache.h */ = {isa = PBXFileReference; fileEncoding = 4; lastKnownFileType = sourcecode.c.h; path = YRDImageCache.h; sourceTree = "<group>"; };
		4711E17318BE79B700966C93 /* YRDImageCache.m */ = {isa = PBXFileReference; fileEncoding = 4; lastKnownFileType = sourcecode.c.objc; path = YRDImageCache.m; sourceTree = "<group>"; };
		4711E17418BE79B700966C93 /* YRDImageResponseHandler.h */ = {isa = PBXFileReference; fileEncoding = 4; lastKnownFileType = sourcecode.c.h; path = YRDImageResponseHandler.h; sourceTree = "<group>"; };
		4711E17518BE79B700966C93 /* YRDImageResponseHandler.m */ = {isa = PBXFileReference; fileEncoding = 4; lastKnownFileType = sourcecode.c.objc; path = YRDImageResponseHandler.m; sourceTree = "<group>"; };
		4711E17618BE79B700966C93 /* YRDJSONResponseHandler.h */ = {isa = PBXFileReference; fileEncoding = 4; lastKnownFileType = sourcecode.c.h; path = YRDJSONResponseHandler.h; sourceTree = "<group>"; };
		4711E17718BE79B700966C93 /* YRDJSONResponseHandler.m */ = {isa = PBXFileReference; fileEncoding = 4; lastKnownFileType = sourcecode.c.objc; path = YRDJSONResponseHandler.m; sourceTree = "<group>"; };
		4711E17818BE79B700966C93 /* YRDJSONType.h */ = {isa = PBXFileReference; fileEncoding = 4; lastKnownFileType = sourcecode.c.h; path = YRDJSONType.h; sourceTree = "<group>"; };
		4711E17918BE79B700966C93 /* YRDRequest.h */ = {isa = PBXFileReference; fileEncoding = 4; lastKnownFileType = sourcecode.c.h; path = YRDRequest.h; sourceTree = "<group>"; };
		4711E17A18BE79B700966C93 /* YRDRequest.m */ = {isa = PBXFileReference; fileEncoding = 4; lastKnownFileType = sourcecode.c.objc; path = YRDRequest.m; sourceTree = "<group>"; };
		4711E17B18BE79B700966C93 /* YRDResponseHandler.h */ = {isa = PBXFileReference; fileEncoding = 4; lastKnownFileType = sourcecode.c.h; path = YRDResponseHandler.h; sourceTree = "<group>"; };
		4711E17C18BE79B700966C93 /* YRDResponseHandler.m */ = {isa = PBXFileReference; fileEncoding = 4; lastKnownFileType = sourcecode.c.objc; path = YRDResponseHandler.m; sourceTree = "<group>"; };
		4711E17D18BE79B700966C93 /* YRDURLConnection.h */ = {isa = PBXFileReference; fileEncoding = 4; lastKnownFileType = sourcecode.c.h; path = YRDURLConnection.h; sourceTree = "<group>"; };
		4711E17E18BE79B700966C93 /* YRDURLConnection.m */ = {isa = PBXFileReference; fileEncoding = 4; lastKnownFileType = sourcecode.c.objc; path = YRDURLConnection.m; sourceTree = "<group>"; };
		474B4F6E18C7EBA200DF67E2 /* YRDScreenVisitTracker.h */ = {isa = PBXFileReference; fileEncoding = 4; lastKnownFileType = sourcecode.c.h; path = YRDScreenVisitTracker.h; sourceTree = "<group>"; };
		474B4F6F18C7EBA200DF67E2 /* YRDScreenVisitTracker.m */ = {isa = PBXFileReference; fileEncoding = 4; lastKnownFileType = sourcecode.c.objc; path = YRDScreenVisitTracker.m; sourceTree = "<group>"; };
		474B4F7918C9165B00DF67E2 /* YRDTrackCounterRequest.h */ = {isa = PBXFileReference; fileEncoding = 4; lastKnownFileType = sourcecode.c.h; path = YRDTrackCounterRequest.h; sourceTree = "<group>"; };
		474B4F7A18C9165B00DF67E2 /* YRDTrackCounterRequest.m */ = {isa = PBXFileReference; fileEncoding = 4; lastKnownFileType = sourcecode.c.objc; path = YRDTrackCounterRequest.m; sourceTree = "<group>"; };
		474B4F7C18C9187600DF67E2 /* YRDTrackCounterResponse.h */ = {isa = PBXFileReference; fileEncoding = 4; lastKnownFileType = sourcecode.c.h; path = YRDTrackCounterResponse.h; sourceTree = "<group>"; };
		474B4F7D18C9187600DF67E2 /* YRDTrackCounterResponse.m */ = {isa = PBXFileReference; fileEncoding = 4; lastKnownFileType = sourcecode.c.objc; path = YRDTrackCounterResponse.m; sourceTree = "<group>"; };
		474B4F7F18C91BB000DF67E2 /* YRDProgressionTracker.h */ = {isa = PBXFileReference; fileEncoding = 4; lastKnownFileType = sourcecode.c.h; path = YRDProgressionTracker.h; sourceTree = "<group>"; };
		474B4F8018C91BB000DF67E2 /* YRDProgressionTracker.m */ = {isa = PBXFileReference; fileEncoding = 4; lastKnownFileType = sourcecode.c.objc; path = YRDProgressionTracker.m; sourceTree = "<group>"; };
		474B4F8218CA344900DF67E2 /* YRDReachability.h */ = {isa = PBXFileReference; fileEncoding = 4; lastKnownFileType = sourcecode.c.h; path = YRDReachability.h; sourceTree = "<group>"; };
		474B4F8318CA344900DF67E2 /* YRDReachability.m */ = {isa = PBXFileReference; fileEncoding = 4; lastKnownFileType = sourcecode.c.objc; path = YRDReachability.m; sourceTree = "<group>"; };
		474B4F8518CA3E2C00DF67E2 /* YRDIgnoreResponseHandler.h */ = {isa = PBXFileReference; fileEncoding = 4; lastKnownFileType = sourcecode.c.h; path = YRDIgnoreResponseHandler.h; sourceTree = "<group>"; };
		474B4F8618CA3E2C00DF67E2 /* YRDIgnoreResponseHandler.m */ = {isa = PBXFileReference; fileEncoding = 4; lastKnownFileType = sourcecode.c.objc; path = YRDIgnoreResponseHandler.m; sourceTree = "<group>"; };
		474B4F8D18CA70FC00DF67E2 /* YRDPurchaseSubmitter.h */ = {isa = PBXFileReference; fileEncoding = 4; lastKnownFileType = sourcecode.c.h; path = YRDPurchaseSubmitter.h; sourceTree = "<group>"; };
		474B4F8E18CA70FC00DF67E2 /* YRDPurchaseSubmitter.m */ = {isa = PBXFileReference; fileEncoding = 4; lastKnownFileType = sourcecode.c.objc; path = YRDPurchaseSubmitter.m; sourceTree = "<group>"; };
		4757881818E38B2A00977CBE /* YRDLogLevel.h */ = {isa = PBXFileReference; lastKnownFileType = sourcecode.c.h; path = YRDLogLevel.h; sourceTree = "<group>"; };
		4763E75618B80310008A253E /* Yerdy_Private.h */ = {isa = PBXFileReference; lastKnownFileType = sourcecode.c.h; path = Yerdy_Private.h; sourceTree = "<group>"; };
		4790C44A18A04ECB001BBD3D /* libYerdy.a */ = {isa = PBXFileReference; explicitFileType = archive.ar; includeInIndex = 0; path = libYerdy.a; sourceTree = BUILT_PRODUCTS_DIR; };
		4790C44D18A04ECB001BBD3D /* Foundation.framework */ = {isa = PBXFileReference; lastKnownFileType = wrapper.framework; name = Foundation.framework; path = System/Library/Frameworks/Foundation.framework; sourceTree = SDKROOT; };
		4790C45118A04ECB001BBD3D /* Yerdy-Prefix.pch */ = {isa = PBXFileReference; lastKnownFileType = sourcecode.c.h; path = "Yerdy-Prefix.pch"; sourceTree = "<group>"; };
		4790C45E18A04ECB001BBD3D /* UIKit.framework */ = {isa = PBXFileReference; lastKnownFileType = wrapper.framework; name = UIKit.framework; path = Library/Frameworks/UIKit.framework; sourceTree = DEVELOPER_DIR; };
		4790C47618A0570F001BBD3D /* Yerdy.h */ = {isa = PBXFileReference; fileEncoding = 4; lastKnownFileType = sourcecode.c.h; path = Yerdy.h; sourceTree = "<group>"; };
		4790C47718A0570F001BBD3D /* Yerdy.m */ = {isa = PBXFileReference; fileEncoding = 4; lastKnownFileType = sourcecode.c.objc; path = Yerdy.m; sourceTree = "<group>"; };
		4790C47A18A058E8001BBD3D /* YRDLaunchTracker.h */ = {isa = PBXFileReference; fileEncoding = 4; lastKnownFileType = sourcecode.c.h; path = YRDLaunchTracker.h; sourceTree = "<group>"; };
		4790C47B18A058E8001BBD3D /* YRDLaunchTracker.m */ = {isa = PBXFileReference; fileEncoding = 4; lastKnownFileType = sourcecode.c.objc; path = YRDLaunchTracker.m; sourceTree = "<group>"; };
		4790C47D18A05D2C001BBD3D /* YRDConstants.h */ = {isa = PBXFileReference; fileEncoding = 4; lastKnownFileType = sourcecode.c.h; path = YRDConstants.h; sourceTree = "<group>"; };
		4790C47E18A05D2C001BBD3D /* YRDConstants.m */ = {isa = PBXFileReference; fileEncoding = 4; lastKnownFileType = sourcecode.c.objc; path = YRDConstants.m; sourceTree = "<group>"; };
		4795C3A718E0AB7E00DE471A /* YRDCompilerChecks.h */ = {isa = PBXFileReference; lastKnownFileType = sourcecode.c.h; path = YRDCompilerChecks.h; sourceTree = "<group>"; };
		4795C3A818E0D59500DE471A /* YRDDataStore.h */ = {isa = PBXFileReference; fileEncoding = 4; lastKnownFileType = sourcecode.c.h; path = YRDDataStore.h; sourceTree = "<group>"; };
		4795C3A918E0D59500DE471A /* YRDDataStore.m */ = {isa = PBXFileReference; fileEncoding = 4; lastKnownFileType = sourcecode.c.objc; path = YRDDataStore.m; sourceTree = "<group>"; };
		47C6900F18E4869100A4BAD4 /* libYerdy-WithIDFA.a */ = {isa = PBXFileReference; explicitFileType = archive.ar; includeInIndex = 0; path = "libYerdy-WithIDFA.a"; sourceTree = BUILT_PRODUCTS_DIR; };
		47D716F018C68717001AE028 /* YRDPurchase_Private.h */ = {isa = PBXFileReference; lastKnownFileType = sourcecode.c.h; path = YRDPurchase_Private.h; sourceTree = "<group>"; };
		47D716F218C688B0001AE028 /* YRDProductRequest.h */ = {isa = PBXFileReference; fileEncoding = 4; lastKnownFileType = sourcecode.c.h; path = YRDProductRequest.h; sourceTree = "<group>"; };
		47D716F318C688B0001AE028 /* YRDProductRequest.m */ = {isa = PBXFileReference; fileEncoding = 4; lastKnownFileType = sourcecode.c.objc; path = YRDProductRequest.m; sourceTree = "<group>"; };
		47E9B6C518A94557004A622F /* YRDDefines.h */ = {isa = PBXFileReference; lastKnownFileType = sourcecode.c.h; path = YRDDefines.h; sourceTree = "<group>"; };
		9505137118C97B7C0006D129 /* YRDCounterEvent.h */ = {isa = PBXFileReference; fileEncoding = 4; lastKnownFileType = sourcecode.c.h; path = YRDCounterEvent.h; sourceTree = "<group>"; };
		9505137218C97B7C0006D129 /* YRDCounterEvent.m */ = {isa = PBXFileReference; fileEncoding = 4; lastKnownFileType = sourcecode.c.objc; path = YRDCounterEvent.m; sourceTree = "<group>"; };
		9505137418C97D9F0006D129 /* YRDTrackCounterBatcher.h */ = {isa = PBXFileReference; fileEncoding = 4; lastKnownFileType = sourcecode.c.h; path = YRDTrackCounterBatcher.h; sourceTree = "<group>"; };
		9505137518C97D9F0006D129 /* YRDTrackCounterBatcher.m */ = {isa = PBXFileReference; fileEncoding = 4; lastKnownFileType = sourcecode.c.objc; path = YRDTrackCounterBatcher.m; sourceTree = "<group>"; };
		95CA641818B948DA0047D2E2 /* YRDConversionTracker.h */ = {isa = PBXFileReference; fileEncoding = 4; lastKnownFileType = sourcecode.c.h; path = YRDConversionTracker.h; sourceTree = "<group>"; };
		95CA641918B948DA0047D2E2 /* YRDConversionTracker.m */ = {isa = PBXFileReference; fileEncoding = 4; lastKnownFileType = sourcecode.c.objc; path = YRDConversionTracker.m; sourceTree = "<group>"; };
		95CA641B18BDAB3F0047D2E2 /* YRDCurrencyTracker.h */ = {isa = PBXFileReference; fileEncoding = 4; lastKnownFileType = sourcecode.c.h; path = YRDCurrencyTracker.h; sourceTree = "<group>"; };
		95CA641C18BDAB3F0047D2E2 /* YRDCurrencyTracker.m */ = {isa = PBXFileReference; fileEncoding = 4; lastKnownFileType = sourcecode.c.objc; path = YRDCurrencyTracker.m; sourceTree = "<group>"; };
		95ECDF3318B3126600E2FEB7 /* YRDTimeTracker.h */ = {isa = PBXFileReference; fileEncoding = 4; lastKnownFileType = sourcecode.c.h; path = YRDTimeTracker.h; sourceTree = "<group>"; };
		95ECDF3418B3126600E2FEB7 /* YRDTimeTracker.m */ = {isa = PBXFileReference; fileEncoding = 4; lastKnownFileType = sourcecode.c.objc; path = YRDTimeTracker.m; sourceTree = "<group>"; };
		95F97B9B18AB386000C65D10 /* YerdyDelegate.h */ = {isa = PBXFileReference; lastKnownFileType = sourcecode.c.h; path = YerdyDelegate.h; sourceTree = "<group>"; };
		95FD8EF418BEE3E7009C2389 /* YRDTrackPurchaseRequest.h */ = {isa = PBXFileReference; fileEncoding = 4; lastKnownFileType = sourcecode.c.h; path = YRDTrackPurchaseRequest.h; sourceTree = "<group>"; };
		95FD8EF518BEE3E7009C2389 /* YRDTrackPurchaseRequest.m */ = {isa = PBXFileReference; fileEncoding = 4; lastKnownFileType = sourcecode.c.objc; path = YRDTrackPurchaseRequest.m; sourceTree = "<group>"; };
		95FD8EFA18BEEE58009C2389 /* YRDRequestCache.h */ = {isa = PBXFileReference; fileEncoding = 4; lastKnownFileType = sourcecode.c.h; path = YRDRequestCache.h; sourceTree = "<group>"; };
		95FD8EFB18BEEE58009C2389 /* YRDRequestCache.m */ = {isa = PBXFileReference; fileEncoding = 4; lastKnownFileType = sourcecode.c.objc; path = YRDRequestCache.m; sourceTree = "<group>"; };
		95FD8EFD18BEF276009C2389 /* YRDPaths.h */ = {isa = PBXFileReference; fileEncoding = 4; lastKnownFileType = sourcecode.c.h; path = YRDPaths.h; sourceTree = "<group>"; };
		95FD8EFE18BEF276009C2389 /* YRDPaths.m */ = {isa = PBXFileReference; fileEncoding = 4; lastKnownFileType = sourcecode.c.objc; path = YRDPaths.m; sourceTree = "<group>"; };
/* End PBXFileReference section */

/* Begin PBXFrameworksBuildPhase section */
		4790C44718A04ECB001BBD3D /* Frameworks */ = {
			isa = PBXFrameworksBuildPhase;
			buildActionMask = 2147483647;
			files = (
				4790C44E18A04ECB001BBD3D /* Foundation.framework in Frameworks */,
			);
			runOnlyForDeploymentPostprocessing = 0;
		};
		47C6900318E4869100A4BAD4 /* Frameworks */ = {
			isa = PBXFrameworksBuildPhase;
			buildActionMask = 2147483647;
			files = (
				47C6900418E4869100A4BAD4 /* Foundation.framework in Frameworks */,
			);
			runOnlyForDeploymentPostprocessing = 0;
		};
/* End PBXFrameworksBuildPhase section */

/* Begin PBXGroup section */
		4711E11F18BE770700966C93 /* Utility */ = {
			isa = PBXGroup;
			children = (
				4711E12018BE770700966C93 /* YRDDelayedBlock.h */,
				4711E12118BE770700966C93 /* YRDDelayedBlock.m */,
				4711E12218BE770700966C93 /* YRDFontSizing.h */,
				4711E12318BE770700966C93 /* YRDFontSizing.m */,
				4757881818E38B2A00977CBE /* YRDLogLevel.h */,
				4711E12418BE770700966C93 /* YRDLog.h */,
				4711E12518BE770700966C93 /* YRDLog.m */,
				4711E12618BE770700966C93 /* YRDTimer.h */,
				4711E12718BE770700966C93 /* YRDTimer.m */,
				4711E12818BE770700966C93 /* YRDUtil.h */,
				4711E12918BE770700966C93 /* YRDUtil.m */,
				95FD8EFD18BEF276009C2389 /* YRDPaths.h */,
				95FD8EFE18BEF276009C2389 /* YRDPaths.m */,
			);
			path = Utility;
			sourceTree = "<group>";
		};
		4711E12F18BE778A00966C93 /* Messaging */ = {
			isa = PBXGroup;
			children = (
				4711E13818BE778A00966C93 /* YRDMessage.h */,
				4711E13918BE778A00966C93 /* YRDMessage.m */,
				4711E13A18BE778A00966C93 /* YRDMessagePresenter.h */,
				4711E13B18BE778A00966C93 /* YRDMessagePresenter.m */,
				4711E13C18BE778A00966C93 /* YRDMessagePresenterImage.h */,
				4711E13D18BE778A00966C93 /* YRDMessagePresenterImage.m */,
				4711E13E18BE778A00966C93 /* YRDMessagePresenterSystem.h */,
				4711E13F18BE778A00966C93 /* YRDMessagePresenterSystem.m */,
				4711E14018BE778A00966C93 /* YRDMessagesRequest.h */,
				4711E14118BE778A00966C93 /* YRDMessagesRequest.m */,
				4711E14418BE778A00966C93 /* YRDMessageViewController.h */,
				4711E14518BE778A00966C93 /* YRDMessageViewController.m */,
				4711E14218BE778A00966C93 /* YRDMessageView.h */,
				4711E14318BE778A00966C93 /* YRDMessageView.m */,
				4711E13018BE778A00966C93 /* YRDAppActionParser.h */,
				4711E13118BE778A00966C93 /* YRDAppActionParser.m */,
				4711E13518BE778A00966C93 /* YRDItemPurchase.h */,
				4711E13618BE778A00966C93 /* YRDItemPurchase.m */,
				4711E13718BE778A00966C93 /* YRDItemPurchase_Private.h */,
				4711E13218BE778A00966C93 /* YRDInAppPurchase.h */,
				4711E13318BE778A00966C93 /* YRDInAppPurchase.m */,
				4711E13418BE778A00966C93 /* YRDInAppPurchase_Private.h */,
				4711E14618BE778A00966C93 /* YRDReward.h */,
				4711E14718BE778A00966C93 /* YRDReward.m */,
				4711E14818BE778A00966C93 /* YRDReward_Private.h */,
			);
			path = Messaging;
			sourceTree = "<group>";
		};
		4711E15418BE798200966C93 /* Launches */ = {
			isa = PBXGroup;
			children = (
				4711E15518BE798200966C93 /* YRDLaunchRequest.h */,
				4711E15618BE798200966C93 /* YRDLaunchRequest.m */,
				4711E15718BE798200966C93 /* YRDLaunchResponse.h */,
				4711E15818BE798200966C93 /* YRDLaunchResponse.m */,
				4711E15918BE798200966C93 /* YRDUserType.h */,
			);
			path = Launches;
			sourceTree = "<group>";
		};
		4711E15A18BE798200966C93 /* Purchasing */ = {
			isa = PBXGroup;
			children = (
				47D716F118C688A3001AE028 /* StoreKit Interfacing */,
				4711E15B18BE798200966C93 /* YRDPurchase.h */,
				47D716F018C68717001AE028 /* YRDPurchase_Private.h */,
				4711E15C18BE798200966C93 /* YRDPurchase.m */,
				4711E15F18BE798200966C93 /* YRDTrackPurchaseResponse.h */,
				4711E16018BE798200966C93 /* YRDTrackPurchaseResponse.m */,
				95FD8EF418BEE3E7009C2389 /* YRDTrackPurchaseRequest.h */,
				95FD8EF518BEE3E7009C2389 /* YRDTrackPurchaseRequest.m */,
				4711E15D18BE798200966C93 /* YRDTrackVirtualPurchaseRequest.h */,
				4711E15E18BE798200966C93 /* YRDTrackVirtualPurchaseRequest.m */,
				474B4F8D18CA70FC00DF67E2 /* YRDPurchaseSubmitter.h */,
				474B4F8E18CA70FC00DF67E2 /* YRDPurchaseSubmitter.m */,
			);
			path = Purchasing;
			sourceTree = "<group>";
		};
		4711E16618BE79A500966C93 /* Display */ = {
			isa = PBXGroup;
			children = (
				4711E16718BE79A500966C93 /* YRDViewController.h */,
				4711E16818BE79A500966C93 /* YRDViewController.m */,
				4711E16918BE79A500966C93 /* YRDViewControllerManager.h */,
				4711E16A18BE79A500966C93 /* YRDViewControllerManager.m */,
				4711E16B18BE79A500966C93 /* YRDWebViewController.h */,
				4711E16C18BE79A500966C93 /* YRDWebViewController.m */,
			);
			path = Display;
			sourceTree = "<group>";
		};
		4711E17018BE79B700966C93 /* Networking */ = {
			isa = PBXGroup;
			children = (
				4711E17118BE79B700966C93 /* Images */,
				4711E17618BE79B700966C93 /* YRDJSONResponseHandler.h */,
				4711E17718BE79B700966C93 /* YRDJSONResponseHandler.m */,
				4711E17818BE79B700966C93 /* YRDJSONType.h */,
				4711E17918BE79B700966C93 /* YRDRequest.h */,
				4711E17A18BE79B700966C93 /* YRDRequest.m */,
				95FD8EFA18BEEE58009C2389 /* YRDRequestCache.h */,
				95FD8EFB18BEEE58009C2389 /* YRDRequestCache.m */,
				4711E17B18BE79B700966C93 /* YRDResponseHandler.h */,
				4711E17C18BE79B700966C93 /* YRDResponseHandler.m */,
				474B4F8518CA3E2C00DF67E2 /* YRDIgnoreResponseHandler.h */,
				474B4F8618CA3E2C00DF67E2 /* YRDIgnoreResponseHandler.m */,
				4711E17D18BE79B700966C93 /* YRDURLConnection.h */,
				4711E17E18BE79B700966C93 /* YRDURLConnection.m */,
				474B4F8218CA344900DF67E2 /* YRDReachability.h */,
				474B4F8318CA344900DF67E2 /* YRDReachability.m */,
			);
			path = Networking;
			sourceTree = "<group>";
		};
		4711E17118BE79B700966C93 /* Images */ = {
			isa = PBXGroup;
			children = (
				4711E17218BE79B700966C93 /* YRDImageCache.h */,
				4711E17318BE79B700966C93 /* YRDImageCache.m */,
				4711E17418BE79B700966C93 /* YRDImageResponseHandler.h */,
				4711E17518BE79B700966C93 /* YRDImageResponseHandler.m */,
			);
			path = Images;
			sourceTree = "<group>";
		};
		4790C44118A04ECB001BBD3D = {
			isa = PBXGroup;
			children = (
				4790C44F18A04ECB001BBD3D /* Yerdy */,
				4790C44C18A04ECB001BBD3D /* Frameworks */,
				4790C44B18A04ECB001BBD3D /* Products */,
			);
			sourceTree = "<group>";
		};
		4790C44B18A04ECB001BBD3D /* Products */ = {
			isa = PBXGroup;
			children = (
				4790C44A18A04ECB001BBD3D /* libYerdy.a */,
				47C6900F18E4869100A4BAD4 /* libYerdy-WithIDFA.a */,
			);
			name = Products;
			sourceTree = "<group>";
		};
		4790C44C18A04ECB001BBD3D /* Frameworks */ = {
			isa = PBXGroup;
			children = (
				4790C44D18A04ECB001BBD3D /* Foundation.framework */,
				4790C45E18A04ECB001BBD3D /* UIKit.framework */,
			);
			name = Frameworks;
			sourceTree = "<group>";
		};
		4790C44F18A04ECB001BBD3D /* Yerdy */ = {
			isa = PBXGroup;
			children = (
				4790C45018A04ECB001BBD3D /* Supporting Files */,
				4790C47618A0570F001BBD3D /* Yerdy.h */,
				4790C47718A0570F001BBD3D /* Yerdy.m */,
				4763E75618B80310008A253E /* Yerdy_Private.h */,
				95F97B9B18AB386000C65D10 /* YerdyDelegate.h */,
				47E9B6C518A94557004A622F /* YRDDefines.h */,
				4790C47D18A05D2C001BBD3D /* YRDConstants.h */,
				4790C47E18A05D2C001BBD3D /* YRDConstants.m */,
				4795C3A718E0AB7E00DE471A /* YRDCompilerChecks.h */,
				4795C3A818E0D59500DE471A /* YRDDataStore.h */,
				4795C3A918E0D59500DE471A /* YRDDataStore.m */,
				4711E16618BE79A500966C93 /* Display */,
				4711E12F18BE778A00966C93 /* Messaging */,
				4711E17018BE79B700966C93 /* Networking */,
				4790C47918A057ED001BBD3D /* Statistics */,
				4711E11F18BE770700966C93 /* Utility */,
			);
			path = Yerdy;
			sourceTree = "<group>";
		};
		4790C45018A04ECB001BBD3D /* Supporting Files */ = {
			isa = PBXGroup;
			children = (
				4790C45118A04ECB001BBD3D /* Yerdy-Prefix.pch */,
			);
			name = "Supporting Files";
			sourceTree = "<group>";
		};
		4790C47918A057ED001BBD3D /* Statistics */ = {
			isa = PBXGroup;
			children = (
				4711E15418BE798200966C93 /* Launches */,
				4711E15A18BE798200966C93 /* Purchasing */,
				4790C47A18A058E8001BBD3D /* YRDLaunchTracker.h */,
				4790C47B18A058E8001BBD3D /* YRDLaunchTracker.m */,
				95ECDF3318B3126600E2FEB7 /* YRDTimeTracker.h */,
				95ECDF3418B3126600E2FEB7 /* YRDTimeTracker.m */,
				95CA641818B948DA0047D2E2 /* YRDConversionTracker.h */,
				95CA641918B948DA0047D2E2 /* YRDConversionTracker.m */,
				95CA641B18BDAB3F0047D2E2 /* YRDCurrencyTracker.h */,
				95CA641C18BDAB3F0047D2E2 /* YRDCurrencyTracker.m */,
				474B4F6E18C7EBA200DF67E2 /* YRDScreenVisitTracker.h */,
				474B4F6F18C7EBA200DF67E2 /* YRDScreenVisitTracker.m */,
				474B4F7F18C91BB000DF67E2 /* YRDProgressionTracker.h */,
				474B4F8018C91BB000DF67E2 /* YRDProgressionTracker.m */,
				474B4F7918C9165B00DF67E2 /* YRDTrackCounterRequest.h */,
				474B4F7A18C9165B00DF67E2 /* YRDTrackCounterRequest.m */,
				474B4F7C18C9187600DF67E2 /* YRDTrackCounterResponse.h */,
				474B4F7D18C9187600DF67E2 /* YRDTrackCounterResponse.m */,
				9505137418C97D9F0006D129 /* YRDTrackCounterBatcher.h */,
				9505137518C97D9F0006D129 /* YRDTrackCounterBatcher.m */,
				9505137118C97B7C0006D129 /* YRDCounterEvent.h */,
				9505137218C97B7C0006D129 /* YRDCounterEvent.m */,
			);
			path = Statistics;
			sourceTree = "<group>";
		};
		47D716F118C688A3001AE028 /* StoreKit Interfacing */ = {
			isa = PBXGroup;
			children = (
				47D716F218C688B0001AE028 /* YRDProductRequest.h */,
				47D716F318C688B0001AE028 /* YRDProductRequest.m */,
			);
			path = "StoreKit Interfacing";
			sourceTree = "<group>";
		};
/* End PBXGroup section */

/* Begin PBXNativeTarget section */
		4790C44918A04ECB001BBD3D /* Yerdy */ = {
			isa = PBXNativeTarget;
			buildConfigurationList = 4790C46D18A04ECB001BBD3D /* Build configuration list for PBXNativeTarget "Yerdy" */;
			buildPhases = (
				4790C44618A04ECB001BBD3D /* Sources */,
				4790C44718A04ECB001BBD3D /* Frameworks */,
				4790C44818A04ECB001BBD3D /* CopyFiles */,
			);
			buildRules = (
			);
			dependencies = (
			);
			name = Yerdy;
			productName = Yerdy;
			productReference = 4790C44A18A04ECB001BBD3D /* libYerdy.a */;
			productType = "com.apple.product-type.library.static";
		};
		47C68FCF18E4869100A4BAD4 /* Yerdy-WithIDFA */ = {
			isa = PBXNativeTarget;
			buildConfigurationList = 47C6900C18E4869100A4BAD4 /* Build configuration list for PBXNativeTarget "Yerdy-WithIDFA" */;
			buildPhases = (
				47C68FD018E4869100A4BAD4 /* Sources */,
				47C6900318E4869100A4BAD4 /* Frameworks */,
				47C6900518E4869100A4BAD4 /* CopyFiles */,
			);
			buildRules = (
			);
			dependencies = (
			);
			name = "Yerdy-WithIDFA";
			productName = Yerdy;
			productReference = 47C6900F18E4869100A4BAD4 /* libYerdy-WithIDFA.a */;
			productType = "com.apple.product-type.library.static";
		};
/* End PBXNativeTarget section */

/* Begin PBXProject section */
		4790C44218A04ECB001BBD3D /* Project object */ = {
			isa = PBXProject;
			attributes = {
				LastUpgradeCheck = 0500;
				ORGANIZATIONNAME = Yerdy;
			};
			buildConfigurationList = 4790C44518A04ECB001BBD3D /* Build configuration list for PBXProject "Yerdy" */;
			compatibilityVersion = "Xcode 3.2";
			developmentRegion = English;
			hasScannedForEncodings = 0;
			knownRegions = (
				en,
			);
			mainGroup = 4790C44118A04ECB001BBD3D;
			productRefGroup = 4790C44B18A04ECB001BBD3D /* Products */;
			projectDirPath = "";
			projectRoot = "";
			targets = (
				4790C44918A04ECB001BBD3D /* Yerdy */,
				47C68FCF18E4869100A4BAD4 /* Yerdy-WithIDFA */,
				47C68FB818E395A800A4BAD4 /* YerdyUniversal */,
			);
		};
/* End PBXProject section */

/* Begin PBXShellScriptBuildPhase section */
		47C68FBC18E395C500A4BAD4 /* ShellScript */ = {
			isa = PBXShellScriptBuildPhase;
			buildActionMask = 2147483647;
			files = (
			);
			inputPaths = (
			);
			outputPaths = (
			);
			runOnlyForDeploymentPostprocessing = 0;
			shellPath = /bin/sh;
			shellScript = "XCODE_PROJECT=\"Yerdy.xcodeproj\"\nXCODE_TARGET=\"Yerdy\"\n\nxcodebuild -project \"${XCODE_PROJECT}\" -target \"${XCODE_TARGET}\" -configuration \"${CONFIGURATION}\" -sdk iphoneos clean\n\nUNIVERSAL_OUTDIR=\"${BUILD_DIR}/${CONFIGURATION}-universal\"\nrm -rf \"${UNIVERSAL_OUTDIR}\"\nmkdir -p \"${UNIVERSAL_OUTDIR}\"\n\n# iOS\nxcodebuild -project \"${XCODE_PROJECT}\" -target \"${XCODE_TARGET}\" -configuration \"${CONFIGURATION}\" -sdk iphoneos ONLY_ACTIVE_ARCH=NO BUILD_DIR=\"${BUILD_DIR}\" BUILD_ROOT=\"${BUILD_ROOT}\"\n# Simulator\nxcodebuild -project \"${XCODE_PROJECT}\" -target \"${XCODE_TARGET}\" -configuration ${CONFIGURATION} -sdk iphonesimulator VALID_ARCHS=\"i386 x86_64\" ARCHS=\"i386 x86_64\" ONLY_ACTIVE_ARCH=NO BUILD_DIR=\"${BUILD_DIR}\" BUILD_ROOT=\"${BUILD_ROOT}\"\n\n# lipo\nLIB_FILENAME=\"libYerdy.a\"\nlipo -create -output \"${UNIVERSAL_OUTDIR}/${LIB_FILENAME}\" \"${BUILD_DIR}/${CONFIGURATION}-iphoneos/${LIB_FILENAME}\" \"${BUILD_DIR}/${CONFIGURATION}-iphonesimulator/${LIB_FILENAME}\"\n\n# headers\ncp \"${BUILD_DIR}/${CONFIGURATION}-iphoneos/\"*.h \"${UNIVERSAL_OUTDIR}\"\n\nopen \"${UNIVERSAL_OUTDIR}\"";
		};
/* End PBXShellScriptBuildPhase section */

/* Begin PBXSourcesBuildPhase section */
		4790C44618A04ECB001BBD3D /* Sources */ = {
			isa = PBXSourcesBuildPhase;
			buildActionMask = 2147483647;
			files = (
				474B4F8118C91BB000DF67E2 /* YRDProgressionTracker.m in Sources */,
				4711E14D18BE778A00966C93 /* YRDMessagePresenter.m in Sources */,
				4711E14A18BE778A00966C93 /* YRDInAppPurchase.m in Sources */,
				4711E15018BE778A00966C93 /* YRDMessagesRequest.m in Sources */,
				9505137318C97B7C0006D129 /* YRDCounterEvent.m in Sources */,
				474B4F8718CA3E2C00DF67E2 /* YRDIgnoreResponseHandler.m in Sources */,
				4711E12C18BE770700966C93 /* YRDLog.m in Sources */,
				474B4F7B18C9165B00DF67E2 /* YRDTrackCounterRequest.m in Sources */,
				95CA641D18BDAB3F0047D2E2 /* YRDCurrencyTracker.m in Sources */,
				4711E15318BE778A00966C93 /* YRDReward.m in Sources */,
				4711E18118BE79B700966C93 /* YRDJSONResponseHandler.m in Sources */,
				474B4F8418CA344900DF67E2 /* YRDReachability.m in Sources */,
				4711E16E18BE79A500966C93 /* YRDViewControllerManager.m in Sources */,
				4711E14B18BE778A00966C93 /* YRDItemPurchase.m in Sources */,
				4711E14E18BE778A00966C93 /* YRDMessagePresenterImage.m in Sources */,
				4711E16118BE798200966C93 /* YRDLaunchRequest.m in Sources */,
				4790C47818A0570F001BBD3D /* Yerdy.m in Sources */,
				4711E16418BE798200966C93 /* YRDTrackVirtualPurchaseRequest.m in Sources */,
				4711E12E18BE770700966C93 /* YRDUtil.m in Sources */,
				4711E16D18BE79A500966C93 /* YRDViewController.m in Sources */,
				474B4F8F18CA70FC00DF67E2 /* YRDPurchaseSubmitter.m in Sources */,
				47D716F418C688B0001AE028 /* YRDProductRequest.m in Sources */,
				4711E18418BE79B700966C93 /* YRDURLConnection.m in Sources */,
				4711E16318BE798200966C93 /* YRDPurchase.m in Sources */,
				4711E14C18BE778A00966C93 /* YRDMessage.m in Sources */,
				4795C3AA18E0D59500DE471A /* YRDDataStore.m in Sources */,
				4711E12A18BE770700966C93 /* YRDDelayedBlock.m in Sources */,
				4711E14F18BE778A00966C93 /* YRDMessagePresenterSystem.m in Sources */,
				4711E16518BE798200966C93 /* YRDTrackPurchaseResponse.m in Sources */,
				4711E18018BE79B700966C93 /* YRDImageResponseHandler.m in Sources */,
				95FD8EF618BEE3E7009C2389 /* YRDTrackPurchaseRequest.m in Sources */,
				95ECDF3518B3126600E2FEB7 /* YRDTimeTracker.m in Sources */,
				95FD8EFC18BEEE58009C2389 /* YRDRequestCache.m in Sources */,
				95FD8EFF18BEF276009C2389 /* YRDPaths.m in Sources */,
				4711E16218BE798200966C93 /* YRDLaunchResponse.m in Sources */,
				4711E16F18BE79A500966C93 /* YRDWebViewController.m in Sources */,
				4711E15218BE778A00966C93 /* YRDMessageViewController.m in Sources */,
				4711E18218BE79B700966C93 /* YRDRequest.m in Sources */,
				9505137618C97D9F0006D129 /* YRDTrackCounterBatcher.m in Sources */,
				474B4F7E18C9187600DF67E2 /* YRDTrackCounterResponse.m in Sources */,
				4790C47C18A058E8001BBD3D /* YRDLaunchTracker.m in Sources */,
				474B4F7018C7EBA200DF67E2 /* YRDScreenVisitTracker.m in Sources */,
				4711E17F18BE79B700966C93 /* YRDImageCache.m in Sources */,
				4711E12D18BE770700966C93 /* YRDTimer.m in Sources */,
				4711E15118BE778A00966C93 /* YRDMessageView.m in Sources */,
				4711E18318BE79B700966C93 /* YRDResponseHandler.m in Sources */,
				4790C47F18A05D2C001BBD3D /* YRDConstants.m in Sources */,
				4711E14918BE778A00966C93 /* YRDAppActionParser.m in Sources */,
				95CA641A18B948DA0047D2E2 /* YRDConversionTracker.m in Sources */,
				4711E12B18BE770700966C93 /* YRDFontSizing.m in Sources */,
			);
			runOnlyForDeploymentPostprocessing = 0;
		};
		47C68FD018E4869100A4BAD4 /* Sources */ = {
			isa = PBXSourcesBuildPhase;
			buildActionMask = 2147483647;
			files = (
				47C68FD118E4869100A4BAD4 /* YRDProgressionTracker.m in Sources */,
				47C68FD218E4869100A4BAD4 /* YRDMessagePresenter.m in Sources */,
				47C68FD318E4869100A4BAD4 /* YRDInAppPurchase.m in Sources */,
				47C68FD418E4869100A4BAD4 /* YRDMessagesRequest.m in Sources */,
				47C68FD518E4869100A4BAD4 /* YRDCounterEvent.m in Sources */,
				47C68FD618E4869100A4BAD4 /* YRDIgnoreResponseHandler.m in Sources */,
				47C68FD718E4869100A4BAD4 /* YRDLog.m in Sources */,
				47C68FD818E4869100A4BAD4 /* YRDTrackCounterRequest.m in Sources */,
				47C68FD918E4869100A4BAD4 /* YRDCurrencyTracker.m in Sources */,
				47C68FDA18E4869100A4BAD4 /* YRDReward.m in Sources */,
				47C68FDB18E4869100A4BAD4 /* YRDJSONResponseHandler.m in Sources */,
				47C68FDC18E4869100A4BAD4 /* YRDReachability.m in Sources */,
				47C68FDD18E4869100A4BAD4 /* YRDViewControllerManager.m in Sources */,
				47C68FDE18E4869100A4BAD4 /* YRDItemPurchase.m in Sources */,
				47C68FDF18E4869100A4BAD4 /* YRDMessagePresenterImage.m in Sources */,
				47C68FE018E4869100A4BAD4 /* YRDLaunchRequest.m in Sources */,
				47C68FE118E4869100A4BAD4 /* Yerdy.m in Sources */,
				47C68FE218E4869100A4BAD4 /* YRDTrackVirtualPurchaseRequest.m in Sources */,
				47C68FE318E4869100A4BAD4 /* YRDUtil.m in Sources */,
				47C68FE418E4869100A4BAD4 /* YRDViewController.m in Sources */,
				47C68FE518E4869100A4BAD4 /* YRDPurchaseSubmitter.m in Sources */,
				47C68FE618E4869100A4BAD4 /* YRDProductRequest.m in Sources */,
				47C68FE718E4869100A4BAD4 /* YRDURLConnection.m in Sources */,
				47C68FE818E4869100A4BAD4 /* YRDPurchase.m in Sources */,
				47C68FE918E4869100A4BAD4 /* YRDMessage.m in Sources */,
				47C68FEA18E4869100A4BAD4 /* YRDDataStore.m in Sources */,
				47C68FEB18E4869100A4BAD4 /* YRDDelayedBlock.m in Sources */,
				47C68FEC18E4869100A4BAD4 /* YRDMessagePresenterSystem.m in Sources */,
				47C68FED18E4869100A4BAD4 /* YRDTrackPurchaseResponse.m in Sources */,
				47C68FEE18E4869100A4BAD4 /* YRDImageResponseHandler.m in Sources */,
				47C68FEF18E4869100A4BAD4 /* YRDTrackPurchaseRequest.m in Sources */,
				47C68FF018E4869100A4BAD4 /* YRDTimeTracker.m in Sources */,
				47C68FF118E4869100A4BAD4 /* YRDRequestCache.m in Sources */,
				47C68FF218E4869100A4BAD4 /* YRDPaths.m in Sources */,
				47C68FF318E4869100A4BAD4 /* YRDLaunchResponse.m in Sources */,
				47C68FF418E4869100A4BAD4 /* YRDWebViewController.m in Sources */,
				47C68FF518E4869100A4BAD4 /* YRDMessageViewController.m in Sources */,
				47C68FF618E4869100A4BAD4 /* YRDRequest.m in Sources */,
				47C68FF718E4869100A4BAD4 /* YRDTrackCounterBatcher.m in Sources */,
				47C68FF818E4869100A4BAD4 /* YRDTrackCounterResponse.m in Sources */,
				47C68FF918E4869100A4BAD4 /* YRDLaunchTracker.m in Sources */,
				47C68FFA18E4869100A4BAD4 /* YRDScreenVisitTracker.m in Sources */,
				47C68FFB18E4869100A4BAD4 /* YRDImageCache.m in Sources */,
				47C68FFC18E4869100A4BAD4 /* YRDTimer.m in Sources */,
				47C68FFD18E4869100A4BAD4 /* YRDMessageView.m in Sources */,
				47C68FFE18E4869100A4BAD4 /* YRDResponseHandler.m in Sources */,
				47C68FFF18E4869100A4BAD4 /* YRDConstants.m in Sources */,
				47C6900018E4869100A4BAD4 /* YRDAppActionParser.m in Sources */,
				47C6900118E4869100A4BAD4 /* YRDConversionTracker.m in Sources */,
				47C6900218E4869100A4BAD4 /* YRDFontSizing.m in Sources */,
			);
			runOnlyForDeploymentPostprocessing = 0;
		};
/* End PBXSourcesBuildPhase section */

/* Begin XCBuildConfiguration section */
		4790C46B18A04ECB001BBD3D /* Debug */ = {
			isa = XCBuildConfiguration;
			buildSettings = {
				ALWAYS_SEARCH_USER_PATHS = NO;
				ARCHS = "$(ARCHS_STANDARD)";
				CLANG_CXX_LANGUAGE_STANDARD = "gnu++0x";
				CLANG_CXX_LIBRARY = "libc++";
				CLANG_ENABLE_MODULES = NO;
				CLANG_ENABLE_OBJC_ARC = YES;
				CLANG_WARN_BOOL_CONVERSION = YES;
				CLANG_WARN_CONSTANT_CONVERSION = YES;
				CLANG_WARN_DIRECT_OBJC_ISA_USAGE = YES_ERROR;
				CLANG_WARN_EMPTY_BODY = YES;
				CLANG_WARN_ENUM_CONVERSION = YES;
				CLANG_WARN_INT_CONVERSION = YES;
				CLANG_WARN_OBJC_ROOT_CLASS = YES_ERROR;
				CLANG_WARN__DUPLICATE_METHOD_MATCH = YES;
				COPY_PHASE_STRIP = NO;
				GCC_C_LANGUAGE_STANDARD = gnu99;
				GCC_DYNAMIC_NO_PIC = NO;
				GCC_OPTIMIZATION_LEVEL = 0;
				GCC_PREPROCESSOR_DEFINITIONS = (
					"DEBUG=1",
					"$(inherited)",
				);
				GCC_SYMBOLS_PRIVATE_EXTERN = NO;
				GCC_WARN_64_TO_32_BIT_CONVERSION = YES;
				GCC_WARN_ABOUT_RETURN_TYPE = YES_ERROR;
				GCC_WARN_UNDECLARED_SELECTOR = YES;
				GCC_WARN_UNINITIALIZED_AUTOS = YES;
				GCC_WARN_UNUSED_FUNCTION = YES;
				GCC_WARN_UNUSED_VARIABLE = YES;
				IPHONEOS_DEPLOYMENT_TARGET = 5.1;
				ONLY_ACTIVE_ARCH = YES;
				SDKROOT = iphoneos;
			};
			name = Debug;
		};
		4790C46C18A04ECB001BBD3D /* Release */ = {
			isa = XCBuildConfiguration;
			buildSettings = {
				ALWAYS_SEARCH_USER_PATHS = NO;
				ARCHS = "$(ARCHS_STANDARD)";
				CLANG_CXX_LANGUAGE_STANDARD = "gnu++0x";
				CLANG_CXX_LIBRARY = "libc++";
				CLANG_ENABLE_MODULES = NO;
				CLANG_ENABLE_OBJC_ARC = YES;
				CLANG_WARN_BOOL_CONVERSION = YES;
				CLANG_WARN_CONSTANT_CONVERSION = YES;
				CLANG_WARN_DIRECT_OBJC_ISA_USAGE = YES_ERROR;
				CLANG_WARN_EMPTY_BODY = YES;
				CLANG_WARN_ENUM_CONVERSION = YES;
				CLANG_WARN_INT_CONVERSION = YES;
				CLANG_WARN_OBJC_ROOT_CLASS = YES_ERROR;
				CLANG_WARN__DUPLICATE_METHOD_MATCH = YES;
				COPY_PHASE_STRIP = YES;
				ENABLE_NS_ASSERTIONS = NO;
				GCC_C_LANGUAGE_STANDARD = gnu99;
				GCC_TREAT_WARNINGS_AS_ERRORS = YES;
				GCC_WARN_64_TO_32_BIT_CONVERSION = YES;
				GCC_WARN_ABOUT_RETURN_TYPE = YES_ERROR;
				GCC_WARN_UNDECLARED_SELECTOR = YES;
				GCC_WARN_UNINITIALIZED_AUTOS = YES;
				GCC_WARN_UNUSED_FUNCTION = YES;
				GCC_WARN_UNUSED_VARIABLE = YES;
				IPHONEOS_DEPLOYMENT_TARGET = 5.1;
				SDKROOT = iphoneos;
				VALIDATE_PRODUCT = YES;
			};
			name = Release;
		};
		4790C46E18A04ECB001BBD3D /* Debug */ = {
			isa = XCBuildConfiguration;
			buildSettings = {
				DSTROOT = /tmp/Yerdy.dst;
				GCC_PRECOMPILE_PREFIX_HEADER = YES;
				GCC_PREFIX_HEADER = "Yerdy/Yerdy-Prefix.pch";
				OTHER_LDFLAGS = "-ObjC";
				PRODUCT_NAME = "$(TARGET_NAME)";
				SKIP_INSTALL = YES;
			};
			name = Debug;
		};
		4790C46F18A04ECB001BBD3D /* Release */ = {
			isa = XCBuildConfiguration;
			buildSettings = {
				DSTROOT = /tmp/Yerdy.dst;
				GCC_PRECOMPILE_PREFIX_HEADER = YES;
				GCC_PREFIX_HEADER = "Yerdy/Yerdy-Prefix.pch";
				OTHER_LDFLAGS = "-ObjC";
				PRODUCT_NAME = "$(TARGET_NAME)";
				SKIP_INSTALL = YES;
			};
			name = Release;
		};
		47C68FB918E395A800A4BAD4 /* Debug */ = {
			isa = XCBuildConfiguration;
			buildSettings = {
				PRODUCT_NAME = "$(TARGET_NAME)";
				SDKROOT = macosx;
			};
			name = Debug;
		};
		47C68FBA18E395A800A4BAD4 /* Release */ = {
			isa = XCBuildConfiguration;
			buildSettings = {
				PRODUCT_NAME = "$(TARGET_NAME)";
				SDKROOT = macosx;
			};
			name = Release;
		};
		47C6900D18E4869100A4BAD4 /* Debug */ = {
			isa = XCBuildConfiguration;
			buildSettings = {
				DSTROOT = /tmp/Yerdy.dst;
				GCC_PRECOMPILE_PREFIX_HEADER = YES;
				GCC_PREFIX_HEADER = "Yerdy/Yerdy-Prefix.pch";
				GCC_PREPROCESSOR_DEFINITIONS = (
					ENABLE_IDFA,
					"$(inherited)",
				);
				OTHER_LDFLAGS = "-ObjC";
				PRODUCT_NAME = "Yerdy-WithIDFA";
				SKIP_INSTALL = YES;
			};
			name = Debug;
		};
		47C6900E18E4869100A4BAD4 /* Release */ = {
			isa = XCBuildConfiguration;
			buildSettings = {
				DSTROOT = /tmp/Yerdy.dst;
				GCC_PRECOMPILE_PREFIX_HEADER = YES;
				GCC_PREFIX_HEADER = "Yerdy/Yerdy-Prefix.pch";
				GCC_PREPROCESSOR_DEFINITIONS = (
					ENABLE_IDFA,
					"$(inherited)",
				);
				OTHER_LDFLAGS = "-ObjC";
				PRODUCT_NAME = "Yerdy-WithIDFA";
				SKIP_INSTALL = YES;
			};
			name = Release;
		};
/* End XCBuildConfiguration section */

/* Begin XCConfigurationList section */
		4790C44518A04ECB001BBD3D /* Build configuration list for PBXProject "Yerdy" */ = {
			isa = XCConfigurationList;
			buildConfigurations = (
				4790C46B18A04ECB001BBD3D /* Debug */,
				4790C46C18A04ECB001BBD3D /* Release */,
			);
			defaultConfigurationIsVisible = 0;
			defaultConfigurationName = Release;
		};
		4790C46D18A04ECB001BBD3D /* Build configuration list for PBXNativeTarget "Yerdy" */ = {
			isa = XCConfigurationList;
			buildConfigurations = (
				4790C46E18A04ECB001BBD3D /* Debug */,
				4790C46F18A04ECB001BBD3D /* Release */,
			);
			defaultConfigurationIsVisible = 0;
			defaultConfigurationName = Release;
		};
		47C68FBB18E395A800A4BAD4 /* Build configuration list for PBXAggregateTarget "YerdyUniversal" */ = {
			isa = XCConfigurationList;
			buildConfigurations = (
				47C68FB918E395A800A4BAD4 /* Debug */,
				47C68FBA18E395A800A4BAD4 /* Release */,
			);
			defaultConfigurationIsVisible = 0;
			defaultConfigurationName = Release;
		};
		47C6900C18E4869100A4BAD4 /* Build configuration list for PBXNativeTarget "Yerdy-WithIDFA" */ = {
			isa = XCConfigurationList;
			buildConfigurations = (
				47C6900D18E4869100A4BAD4 /* Debug */,
				47C6900E18E4869100A4BAD4 /* Release */,
			);
			defaultConfigurationIsVisible = 0;
			defaultConfigurationName = Release;
		};
/* End XCConfigurationList section */
	};
	rootObject = 4790C44218A04ECB001BBD3D /* Project object */;
}
